<?xml version="1.0" encoding="utf-8"?>
<Project ToolsVersion="4.0" xmlns="http://schemas.microsoft.com/developer/msbuild/2003">
  <ItemGroup>
    <Filter Include="Source Files">
      <UniqueIdentifier>{4FC737F1-C7A5-4376-A066-2A32D752A2FF}</UniqueIdentifier>
      <Extensions>cpp;c;cc;cxx;def;odl;idl;hpj;bat;asm;asmx</Extensions>
    </Filter>
    <Filter Include="Header Files">
      <UniqueIdentifier>{93995380-89BD-4b04-88EB-625FBE52EBFB}</UniqueIdentifier>
      <Extensions>h;hh;hpp;hxx;hm;inl;inc;xsd</Extensions>
    </Filter>
    <Filter Include="Resource Files">
      <UniqueIdentifier>{67DA6AB6-F800-4c08-8B7A-83BB121AAD01}</UniqueIdentifier>
      <Extensions>rc;ico;cur;bmp;dlg;rc2;rct;bin;rgs;gif;jpg;jpeg;jpe;resx;tiff;tif;png;wav;mfcribbon-ms</Extensions>
    </Filter>
  </ItemGroup>
  <ItemGroup>
    <ClInclude Include="..\..\..\ardo_time_poller.h">
      <Filter>Header Files</Filter>
    </ClInclude>
    <ClInclude Include="..\..\..\ardOinus.h">
      <Filter>Header Files</Filter>
    </ClInclude>
    <ClInclude Include="..\..\..\assert_that.h">
      <Filter>Header Files</Filter>
    </ClInclude>
    <ClInclude Include="..\..\..\circular_buffer.h">
      <Filter>Header Files</Filter>
    </ClInclude>
    <ClInclude Include="..\..\..\pwe_serial.h">
      <Filter>Header Files</Filter>
    </ClInclude>
    <ClInclude Include="..\..\..\pwm_serial_comms.h">
      <Filter>Header Files</Filter>
    </ClInclude>
    <ClInclude Include="..\..\..\setl_cyclic_int.h">
      <Filter>Header Files</Filter>
    </ClInclude>
    <ClInclude Include="..\..\..\setl_system.h">
      <Filter>Header Files</Filter>
    </ClInclude>
    <ClInclude Include="..\..\..\setl_templ_utils.h">
      <Filter>Header Files</Filter>
    </ClInclude>
    <ClInclude Include="..\..\..\setl_test_framework.h">
      <Filter>Header Files</Filter>
    </ClInclude>
    <ClInclude Include="..\..\..\setl_time.h">
      <Filter>Header Files</Filter>
    </ClInclude>
    <ClInclude Include="..\..\..\setl_time_unit.h">
      <Filter>Header Files</Filter>
    </ClInclude>
    <ClInclude Include="..\..\..\setl_utils.h">
      <Filter>Header Files</Filter>
    </ClInclude>
    <ClInclude Include="..\..\..\setlx_array.h">
      <Filter>Header Files</Filter>
    </ClInclude>
    <ClInclude Include="..\..\..\setlx_cassert.h">
      <Filter>Header Files</Filter>
    </ClInclude>
    <ClInclude Include="..\..\..\setlx_cstddef.h">
      <Filter>Header Files</Filter>
    </ClInclude>
    <ClInclude Include="..\..\..\setlx_cstdint.h">
      <Filter>Header Files</Filter>
    </ClInclude>
    <ClInclude Include="..\..\..\setlx_cstdlib.h">
      <Filter>Header Files</Filter>
    </ClInclude>
    <ClInclude Include="..\..\..\setlx_limits.h">
      <Filter>Header Files</Filter>
    </ClInclude>
    <ClInclude Include="..\..\..\setlx_type_traits.h">
      <Filter>Header Files</Filter>
    </ClInclude>
    <ClInclude Include="..\..\..\type_for_size.h">
      <Filter>Header Files</Filter>
    </ClInclude>
    <ClInclude Include="..\..\..\tests\ardOinus_test.h">
      <Filter>Header Files</Filter>
    </ClInclude>
    <ClInclude Include="..\..\..\tests\circular_buffer_test.h">
      <Filter>Header Files</Filter>
    </ClInclude>
    <ClInclude Include="..\..\..\tests\pwe_serial_test.h">
      <Filter>Header Files</Filter>
    </ClInclude>
    <ClInclude Include="..\..\..\tests\setl_cyclic_int_test.h">
      <Filter>Header Files</Filter>
    </ClInclude>
    <ClInclude Include="..\..\..\tests\setl_templ_utils_test.h">
      <Filter>Header Files</Filter>
    </ClInclude>
    <ClInclude Include="..\..\..\tests\setl_time_unit_test.h">
      <Filter>Header Files</Filter>
    </ClInclude>
    <ClInclude Include="..\..\..\tests\type_for_size_test.h">
      <Filter>Header Files</Filter>
    </ClInclude>
    <ClInclude Include="..\..\..\setl_interactive_scaling.h">
      <Filter>Header Files</Filter>
    </ClInclude>
    <ClInclude Include="..\..\..\ardo_sequencer.h">
      <Filter>Header Files</Filter>
    </ClInclude>
    <ClInclude Include="..\..\..\tests\setl_time_test.h" />
    <ClInclude Include="..\..\..\ardo_eeprom.h">
      <Filter>Header Files</Filter>
    </ClInclude>
    <ClInclude Include="..\..\..\sys\mcu\avr\ardo_supplemental_at43usb320.h">
      <Filter>Header Files</Filter>
    </ClInclude>
    <ClInclude Include="..\..\..\sys\mcu\avr\ardo_supplemental_at43usb320_dev.h">
      <Filter>Header Files</Filter>
    </ClInclude>
    <ClInclude Include="..\..\..\sys\mcu\avr\ardo_supplemental_at43usb355.h">
      <Filter>Header Files</Filter>
    </ClInclude>
    <ClInclude Include="..\..\..\sys\mcu\avr\ardo_supplemental_at43usb355_dev.h">
      <Filter>Header Files</Filter>
    </ClInclude>
    <ClInclude Include="..\..\..\sys\mcu\avr\ardo_supplemental_at76c711.h">
      <Filter>Header Files</Filter>
    </ClInclude>
    <ClInclude Include="..\..\..\sys\mcu\avr\ardo_supplemental_at76c711_dev.h">
      <Filter>Header Files</Filter>
    </ClInclude>
    <ClInclude Include="..\..\..\sys\mcu\avr\ardo_supplemental_at86rf401.h">
      <Filter>Header Files</Filter>
    </ClInclude>
    <ClInclude Include="..\..\..\sys\mcu\avr\ardo_supplemental_at86rf401_dev.h">
      <Filter>Header Files</Filter>
    </ClInclude>
    <ClInclude Include="..\..\..\sys\mcu\avr\ardo_supplemental_at90c8534.h">
      <Filter>Header Files</Filter>
    </ClInclude>
    <ClInclude Include="..\..\..\sys\mcu\avr\ardo_supplemental_at90c8534_dev.h">
      <Filter>Header Files</Filter>
    </ClInclude>
    <ClInclude Include="..\..\..\sys\mcu\avr\ardo_supplemental_at90can32.h">
      <Filter>Header Files</Filter>
    </ClInclude>
    <ClInclude Include="..\..\..\sys\mcu\avr\ardo_supplemental_at90can32_dev.h">
      <Filter>Header Files</Filter>
    </ClInclude>
    <ClInclude Include="..\..\..\sys\mcu\avr\ardo_supplemental_at90can64.h">
      <Filter>Header Files</Filter>
    </ClInclude>
    <ClInclude Include="..\..\..\sys\mcu\avr\ardo_supplemental_at90can64_dev.h">
      <Filter>Header Files</Filter>
    </ClInclude>
    <ClInclude Include="..\..\..\sys\mcu\avr\ardo_supplemental_at90can128.h">
      <Filter>Header Files</Filter>
    </ClInclude>
    <ClInclude Include="..\..\..\sys\mcu\avr\ardo_supplemental_at90can128_dev.h">
      <Filter>Header Files</Filter>
    </ClInclude>
    <ClInclude Include="..\..\..\sys\mcu\avr\ardo_supplemental_at90pwm1.h">
      <Filter>Header Files</Filter>
    </ClInclude>
    <ClInclude Include="..\..\..\sys\mcu\avr\ardo_supplemental_at90pwm1_dev.h">
      <Filter>Header Files</Filter>
    </ClInclude>
    <ClInclude Include="..\..\..\sys\mcu\avr\ardo_supplemental_at90pwm2.h">
      <Filter>Header Files</Filter>
    </ClInclude>
    <ClInclude Include="..\..\..\sys\mcu\avr\ardo_supplemental_at90pwm2_dev.h">
      <Filter>Header Files</Filter>
    </ClInclude>
    <ClInclude Include="..\..\..\sys\mcu\avr\ardo_supplemental_at90pwm2b.h">
      <Filter>Header Files</Filter>
    </ClInclude>
    <ClInclude Include="..\..\..\sys\mcu\avr\ardo_supplemental_at90pwm2b_dev.h">
      <Filter>Header Files</Filter>
    </ClInclude>
    <ClInclude Include="..\..\..\sys\mcu\avr\ardo_supplemental_at90pwm3.h">
      <Filter>Header Files</Filter>
    </ClInclude>
    <ClInclude Include="..\..\..\sys\mcu\avr\ardo_supplemental_at90pwm3_dev.h">
      <Filter>Header Files</Filter>
    </ClInclude>
    <ClInclude Include="..\..\..\sys\mcu\avr\ardo_supplemental_at90pwm3b.h">
      <Filter>Header Files</Filter>
    </ClInclude>
    <ClInclude Include="..\..\..\sys\mcu\avr\ardo_supplemental_at90pwm3b_dev.h">
      <Filter>Header Files</Filter>
    </ClInclude>
    <ClInclude Include="..\..\..\sys\mcu\avr\ardo_supplemental_at90pwm81.h">
      <Filter>Header Files</Filter>
    </ClInclude>
    <ClInclude Include="..\..\..\sys\mcu\avr\ardo_supplemental_at90pwm81_dev.h">
      <Filter>Header Files</Filter>
    </ClInclude>
    <ClInclude Include="..\..\..\sys\mcu\avr\ardo_supplemental_at90pwm161.h">
      <Filter>Header Files</Filter>
    </ClInclude>
    <ClInclude Include="..\..\..\sys\mcu\avr\ardo_supplemental_at90pwm161_dev.h">
      <Filter>Header Files</Filter>
    </ClInclude>
    <ClInclude Include="..\..\..\sys\mcu\avr\ardo_supplemental_at90pwm216.h">
      <Filter>Header Files</Filter>
    </ClInclude>
    <ClInclude Include="..\..\..\sys\mcu\avr\ardo_supplemental_at90pwm216_dev.h">
      <Filter>Header Files</Filter>
    </ClInclude>
    <ClInclude Include="..\..\..\sys\mcu\avr\ardo_supplemental_at90pwm316.h">
      <Filter>Header Files</Filter>
    </ClInclude>
    <ClInclude Include="..\..\..\sys\mcu\avr\ardo_supplemental_at90pwm316_dev.h">
      <Filter>Header Files</Filter>
    </ClInclude>
    <ClInclude Include="..\..\..\sys\mcu\avr\ardo_supplemental_at90s1200.h">
      <Filter>Header Files</Filter>
    </ClInclude>
    <ClInclude Include="..\..\..\sys\mcu\avr\ardo_supplemental_at90s1200_dev.h">
      <Filter>Header Files</Filter>
    </ClInclude>
    <ClInclude Include="..\..\..\sys\mcu\avr\ardo_supplemental_at90s2313.h">
      <Filter>Header Files</Filter>
    </ClInclude>
    <ClInclude Include="..\..\..\sys\mcu\avr\ardo_supplemental_at90s2313_dev.h">
      <Filter>Header Files</Filter>
    </ClInclude>
    <ClInclude Include="..\..\..\sys\mcu\avr\ardo_supplemental_at90s2323.h">
      <Filter>Header Files</Filter>
    </ClInclude>
    <ClInclude Include="..\..\..\sys\mcu\avr\ardo_supplemental_at90s2323_dev.h">
      <Filter>Header Files</Filter>
    </ClInclude>
    <ClInclude Include="..\..\..\sys\mcu\avr\ardo_supplemental_at90s2333.h">
      <Filter>Header Files</Filter>
    </ClInclude>
    <ClInclude Include="..\..\..\sys\mcu\avr\ardo_supplemental_at90s2333_dev.h">
      <Filter>Header Files</Filter>
    </ClInclude>
    <ClInclude Include="..\..\..\sys\mcu\avr\ardo_supplemental_at90s2343.h">
      <Filter>Header Files</Filter>
    </ClInclude>
    <ClInclude Include="..\..\..\sys\mcu\avr\ardo_supplemental_at90s2343_dev.h">
      <Filter>Header Files</Filter>
    </ClInclude>
    <ClInclude Include="..\..\..\sys\mcu\avr\ardo_supplemental_at90s4414.h">
      <Filter>Header Files</Filter>
    </ClInclude>
    <ClInclude Include="..\..\..\sys\mcu\avr\ardo_supplemental_at90s4414_dev.h">
      <Filter>Header Files</Filter>
    </ClInclude>
    <ClInclude Include="..\..\..\sys\mcu\avr\ardo_supplemental_at90s4433.h">
      <Filter>Header Files</Filter>
    </ClInclude>
    <ClInclude Include="..\..\..\sys\mcu\avr\ardo_supplemental_at90s4433_dev.h">
      <Filter>Header Files</Filter>
    </ClInclude>
    <ClInclude Include="..\..\..\sys\mcu\avr\ardo_supplemental_at90s4434.h">
      <Filter>Header Files</Filter>
    </ClInclude>
    <ClInclude Include="..\..\..\sys\mcu\avr\ardo_supplemental_at90s4434_dev.h">
      <Filter>Header Files</Filter>
    </ClInclude>
    <ClInclude Include="..\..\..\sys\mcu\avr\ardo_supplemental_at90s8515.h">
      <Filter>Header Files</Filter>
    </ClInclude>
    <ClInclude Include="..\..\..\sys\mcu\avr\ardo_supplemental_at90s8515_dev.h">
      <Filter>Header Files</Filter>
    </ClInclude>
    <ClInclude Include="..\..\..\sys\mcu\avr\ardo_supplemental_at90s8535.h">
      <Filter>Header Files</Filter>
    </ClInclude>
    <ClInclude Include="..\..\..\sys\mcu\avr\ardo_supplemental_at90s8535_dev.h">
      <Filter>Header Files</Filter>
    </ClInclude>
    <ClInclude Include="..\..\..\sys\mcu\avr\ardo_supplemental_at90scr100.h">
      <Filter>Header Files</Filter>
    </ClInclude>
    <ClInclude Include="..\..\..\sys\mcu\avr\ardo_supplemental_at90scr100_dev.h">
      <Filter>Header Files</Filter>
    </ClInclude>
    <ClInclude Include="..\..\..\sys\mcu\avr\ardo_supplemental_at90usb82.h">
      <Filter>Header Files</Filter>
    </ClInclude>
    <ClInclude Include="..\..\..\sys\mcu\avr\ardo_supplemental_at90usb82_dev.h">
      <Filter>Header Files</Filter>
    </ClInclude>
    <ClInclude Include="..\..\..\sys\mcu\avr\ardo_supplemental_at90usb162.h">
      <Filter>Header Files</Filter>
    </ClInclude>
    <ClInclude Include="..\..\..\sys\mcu\avr\ardo_supplemental_at90usb162_dev.h">
      <Filter>Header Files</Filter>
    </ClInclude>
    <ClInclude Include="..\..\..\sys\mcu\avr\ardo_supplemental_at90usb646.h">
      <Filter>Header Files</Filter>
    </ClInclude>
    <ClInclude Include="..\..\..\sys\mcu\avr\ardo_supplemental_at90usb646_dev.h">
      <Filter>Header Files</Filter>
    </ClInclude>
    <ClInclude Include="..\..\..\sys\mcu\avr\ardo_supplemental_at90usb647.h">
      <Filter>Header Files</Filter>
    </ClInclude>
    <ClInclude Include="..\..\..\sys\mcu\avr\ardo_supplemental_at90usb647_dev.h">
      <Filter>Header Files</Filter>
    </ClInclude>
    <ClInclude Include="..\..\..\sys\mcu\avr\ardo_supplemental_at90usb1286.h">
      <Filter>Header Files</Filter>
    </ClInclude>
    <ClInclude Include="..\..\..\sys\mcu\avr\ardo_supplemental_at90usb1286_dev.h">
      <Filter>Header Files</Filter>
    </ClInclude>
    <ClInclude Include="..\..\..\sys\mcu\avr\ardo_supplemental_at90usb1287.h">
      <Filter>Header Files</Filter>
    </ClInclude>
    <ClInclude Include="..\..\..\sys\mcu\avr\ardo_supplemental_at90usb1287_dev.h">
      <Filter>Header Files</Filter>
    </ClInclude>
    <ClInclude Include="..\..\..\sys\mcu\avr\ardo_supplemental_at94k.h">
      <Filter>Header Files</Filter>
    </ClInclude>
    <ClInclude Include="..\..\..\sys\mcu\avr\ardo_supplemental_at94k_dev.h">
      <Filter>Header Files</Filter>
    </ClInclude>
    <ClInclude Include="..\..\..\sys\mcu\avr\ardo_supplemental_ata5272.h">
      <Filter>Header Files</Filter>
    </ClInclude>
    <ClInclude Include="..\..\..\sys\mcu\avr\ardo_supplemental_ata5272_dev.h">
      <Filter>Header Files</Filter>
    </ClInclude>
    <ClInclude Include="..\..\..\sys\mcu\avr\ardo_supplemental_ata5505.h">
      <Filter>Header Files</Filter>
    </ClInclude>
    <ClInclude Include="..\..\..\sys\mcu\avr\ardo_supplemental_ata5505_dev.h">
      <Filter>Header Files</Filter>
    </ClInclude>
    <ClInclude Include="..\..\..\sys\mcu\avr\ardo_supplemental_ata5702m322.h">
      <Filter>Header Files</Filter>
    </ClInclude>
    <ClInclude Include="..\..\..\sys\mcu\avr\ardo_supplemental_ata5702m322_dev.h">
      <Filter>Header Files</Filter>
    </ClInclude>
    <ClInclude Include="..\..\..\sys\mcu\avr\ardo_supplemental_ata5782.h">
      <Filter>Header Files</Filter>
    </ClInclude>
    <ClInclude Include="..\..\..\sys\mcu\avr\ardo_supplemental_ata5782_dev.h">
      <Filter>Header Files</Filter>
    </ClInclude>
    <ClInclude Include="..\..\..\sys\mcu\avr\ardo_supplemental_ata5790.h">
      <Filter>Header Files</Filter>
    </ClInclude>
    <ClInclude Include="..\..\..\sys\mcu\avr\ardo_supplemental_ata5790_dev.h">
      <Filter>Header Files</Filter>
    </ClInclude>
    <ClInclude Include="..\..\..\sys\mcu\avr\ardo_supplemental_ata5790n.h">
      <Filter>Header Files</Filter>
    </ClInclude>
    <ClInclude Include="..\..\..\sys\mcu\avr\ardo_supplemental_ata5790n_dev.h">
      <Filter>Header Files</Filter>
    </ClInclude>
    <ClInclude Include="..\..\..\sys\mcu\avr\ardo_supplemental_ata5791.h">
      <Filter>Header Files</Filter>
    </ClInclude>
    <ClInclude Include="..\..\..\sys\mcu\avr\ardo_supplemental_ata5791_dev.h">
      <Filter>Header Files</Filter>
    </ClInclude>
    <ClInclude Include="..\..\..\sys\mcu\avr\ardo_supplemental_ata5795.h">
      <Filter>Header Files</Filter>
    </ClInclude>
    <ClInclude Include="..\..\..\sys\mcu\avr\ardo_supplemental_ata5795_dev.h">
      <Filter>Header Files</Filter>
    </ClInclude>
    <ClInclude Include="..\..\..\sys\mcu\avr\ardo_supplemental_ata5831.h">
      <Filter>Header Files</Filter>
    </ClInclude>
    <ClInclude Include="..\..\..\sys\mcu\avr\ardo_supplemental_ata5831_dev.h">
      <Filter>Header Files</Filter>
    </ClInclude>
    <ClInclude Include="..\..\..\sys\mcu\avr\ardo_supplemental_ata6285.h">
      <Filter>Header Files</Filter>
    </ClInclude>
    <ClInclude Include="..\..\..\sys\mcu\avr\ardo_supplemental_ata6285_dev.h">
      <Filter>Header Files</Filter>
    </ClInclude>
    <ClInclude Include="..\..\..\sys\mcu\avr\ardo_supplemental_ata6286.h">
      <Filter>Header Files</Filter>
    </ClInclude>
    <ClInclude Include="..\..\..\sys\mcu\avr\ardo_supplemental_ata6286_dev.h">
      <Filter>Header Files</Filter>
    </ClInclude>
    <ClInclude Include="..\..\..\sys\mcu\avr\ardo_supplemental_ata6289.h">
      <Filter>Header Files</Filter>
    </ClInclude>
    <ClInclude Include="..\..\..\sys\mcu\avr\ardo_supplemental_ata6289_dev.h">
      <Filter>Header Files</Filter>
    </ClInclude>
    <ClInclude Include="..\..\..\sys\mcu\avr\ardo_supplemental_ata6612c.h">
      <Filter>Header Files</Filter>
    </ClInclude>
    <ClInclude Include="..\..\..\sys\mcu\avr\ardo_supplemental_ata6612c_dev.h">
      <Filter>Header Files</Filter>
    </ClInclude>
    <ClInclude Include="..\..\..\sys\mcu\avr\ardo_supplemental_ata6613c.h">
      <Filter>Header Files</Filter>
    </ClInclude>
    <ClInclude Include="..\..\..\sys\mcu\avr\ardo_supplemental_ata6613c_dev.h">
      <Filter>Header Files</Filter>
    </ClInclude>
    <ClInclude Include="..\..\..\sys\mcu\avr\ardo_supplemental_ata6614q.h">
      <Filter>Header Files</Filter>
    </ClInclude>
    <ClInclude Include="..\..\..\sys\mcu\avr\ardo_supplemental_ata6614q_dev.h">
      <Filter>Header Files</Filter>
    </ClInclude>
    <ClInclude Include="..\..\..\sys\mcu\avr\ardo_supplemental_ata6616c.h">
      <Filter>Header Files</Filter>
    </ClInclude>
    <ClInclude Include="..\..\..\sys\mcu\avr\ardo_supplemental_ata6616c_dev.h">
      <Filter>Header Files</Filter>
    </ClInclude>
    <ClInclude Include="..\..\..\sys\mcu\avr\ardo_supplemental_ata6617c.h">
      <Filter>Header Files</Filter>
    </ClInclude>
    <ClInclude Include="..\..\..\sys\mcu\avr\ardo_supplemental_ata6617c_dev.h">
      <Filter>Header Files</Filter>
    </ClInclude>
    <ClInclude Include="..\..\..\sys\mcu\avr\ardo_supplemental_ata8210.h">
      <Filter>Header Files</Filter>
    </ClInclude>
    <ClInclude Include="..\..\..\sys\mcu\avr\ardo_supplemental_ata8210_dev.h">
      <Filter>Header Files</Filter>
    </ClInclude>
    <ClInclude Include="..\..\..\sys\mcu\avr\ardo_supplemental_ata8510.h">
      <Filter>Header Files</Filter>
    </ClInclude>
    <ClInclude Include="..\..\..\sys\mcu\avr\ardo_supplemental_ata8510_dev.h">
      <Filter>Header Files</Filter>
    </ClInclude>
    <ClInclude Include="..\..\..\sys\mcu\avr\ardo_supplemental_ata664251.h">
      <Filter>Header Files</Filter>
    </ClInclude>
    <ClInclude Include="..\..\..\sys\mcu\avr\ardo_supplemental_ata664251_dev.h">
      <Filter>Header Files</Filter>
    </ClInclude>
    <ClInclude Include="..\..\..\sys\mcu\avr\ardo_supplemental_atmega8.h">
      <Filter>Header Files</Filter>
    </ClInclude>
    <ClInclude Include="..\..\..\sys\mcu\avr\ardo_supplemental_atmega8_dev.h">
      <Filter>Header Files</Filter>
    </ClInclude>
    <ClInclude Include="..\..\..\sys\mcu\avr\ardo_supplemental_atmega8a.h">
      <Filter>Header Files</Filter>
    </ClInclude>
    <ClInclude Include="..\..\..\sys\mcu\avr\ardo_supplemental_atmega8a_dev.h">
      <Filter>Header Files</Filter>
    </ClInclude>
    <ClInclude Include="..\..\..\sys\mcu\avr\ardo_supplemental_atmega8hva.h">
      <Filter>Header Files</Filter>
    </ClInclude>
    <ClInclude Include="..\..\..\sys\mcu\avr\ardo_supplemental_atmega8hva_dev.h">
      <Filter>Header Files</Filter>
    </ClInclude>
    <ClInclude Include="..\..\..\sys\mcu\avr\ardo_supplemental_atmega8u2.h">
      <Filter>Header Files</Filter>
    </ClInclude>
    <ClInclude Include="..\..\..\sys\mcu\avr\ardo_supplemental_atmega8u2_dev.h">
      <Filter>Header Files</Filter>
    </ClInclude>
    <ClInclude Include="..\..\..\sys\mcu\avr\ardo_supplemental_atmega16.h">
      <Filter>Header Files</Filter>
    </ClInclude>
    <ClInclude Include="..\..\..\sys\mcu\avr\ardo_supplemental_atmega16_dev.h">
      <Filter>Header Files</Filter>
    </ClInclude>
    <ClInclude Include="..\..\..\sys\mcu\avr\ardo_supplemental_atmega16a.h">
      <Filter>Header Files</Filter>
    </ClInclude>
    <ClInclude Include="..\..\..\sys\mcu\avr\ardo_supplemental_atmega16a_dev.h">
      <Filter>Header Files</Filter>
    </ClInclude>
    <ClInclude Include="..\..\..\sys\mcu\avr\ardo_supplemental_atmega16hva.h">
      <Filter>Header Files</Filter>
    </ClInclude>
    <ClInclude Include="..\..\..\sys\mcu\avr\ardo_supplemental_atmega16hva_dev.h">
      <Filter>Header Files</Filter>
    </ClInclude>
    <ClInclude Include="..\..\..\sys\mcu\avr\ardo_supplemental_atmega16hva2.h">
      <Filter>Header Files</Filter>
    </ClInclude>
    <ClInclude Include="..\..\..\sys\mcu\avr\ardo_supplemental_atmega16hva2_dev.h">
      <Filter>Header Files</Filter>
    </ClInclude>
    <ClInclude Include="..\..\..\sys\mcu\avr\ardo_supplemental_atmega16hvb.h">
      <Filter>Header Files</Filter>
    </ClInclude>
    <ClInclude Include="..\..\..\sys\mcu\avr\ardo_supplemental_atmega16hvb_dev.h">
      <Filter>Header Files</Filter>
    </ClInclude>
    <ClInclude Include="..\..\..\sys\mcu\avr\ardo_supplemental_atmega16hvbrevb.h">
      <Filter>Header Files</Filter>
    </ClInclude>
    <ClInclude Include="..\..\..\sys\mcu\avr\ardo_supplemental_atmega16hvbrevb_dev.h">
      <Filter>Header Files</Filter>
    </ClInclude>
    <ClInclude Include="..\..\..\sys\mcu\avr\ardo_supplemental_atmega16m1.h">
      <Filter>Header Files</Filter>
    </ClInclude>
    <ClInclude Include="..\..\..\sys\mcu\avr\ardo_supplemental_atmega16m1_dev.h">
      <Filter>Header Files</Filter>
    </ClInclude>
    <ClInclude Include="..\..\..\sys\mcu\avr\ardo_supplemental_atmega16u2.h">
      <Filter>Header Files</Filter>
    </ClInclude>
    <ClInclude Include="..\..\..\sys\mcu\avr\ardo_supplemental_atmega16u2_dev.h">
      <Filter>Header Files</Filter>
    </ClInclude>
    <ClInclude Include="..\..\..\sys\mcu\avr\ardo_supplemental_atmega16u4.h">
      <Filter>Header Files</Filter>
    </ClInclude>
    <ClInclude Include="..\..\..\sys\mcu\avr\ardo_supplemental_atmega16u4_dev.h">
      <Filter>Header Files</Filter>
    </ClInclude>
    <ClInclude Include="..\..\..\sys\mcu\avr\ardo_supplemental_atmega32.h">
      <Filter>Header Files</Filter>
    </ClInclude>
    <ClInclude Include="..\..\..\sys\mcu\avr\ardo_supplemental_atmega32_dev.h">
      <Filter>Header Files</Filter>
    </ClInclude>
    <ClInclude Include="..\..\..\sys\mcu\avr\ardo_supplemental_atmega32a.h">
      <Filter>Header Files</Filter>
    </ClInclude>
    <ClInclude Include="..\..\..\sys\mcu\avr\ardo_supplemental_atmega32a_dev.h">
      <Filter>Header Files</Filter>
    </ClInclude>
    <ClInclude Include="..\..\..\sys\mcu\avr\ardo_supplemental_atmega32c1.h">
      <Filter>Header Files</Filter>
    </ClInclude>
    <ClInclude Include="..\..\..\sys\mcu\avr\ardo_supplemental_atmega32c1_dev.h">
      <Filter>Header Files</Filter>
    </ClInclude>
    <ClInclude Include="..\..\..\sys\mcu\avr\ardo_supplemental_atmega32hvb.h">
      <Filter>Header Files</Filter>
    </ClInclude>
    <ClInclude Include="..\..\..\sys\mcu\avr\ardo_supplemental_atmega32hvb_dev.h">
      <Filter>Header Files</Filter>
    </ClInclude>
    <ClInclude Include="..\..\..\sys\mcu\avr\ardo_supplemental_atmega32hvbrevb.h">
      <Filter>Header Files</Filter>
    </ClInclude>
    <ClInclude Include="..\..\..\sys\mcu\avr\ardo_supplemental_atmega32hvbrevb_dev.h">
      <Filter>Header Files</Filter>
    </ClInclude>
    <ClInclude Include="..\..\..\sys\mcu\avr\ardo_supplemental_atmega32m1.h">
      <Filter>Header Files</Filter>
    </ClInclude>
    <ClInclude Include="..\..\..\sys\mcu\avr\ardo_supplemental_atmega32m1_dev.h">
      <Filter>Header Files</Filter>
    </ClInclude>
    <ClInclude Include="..\..\..\sys\mcu\avr\ardo_supplemental_atmega32u2.h">
      <Filter>Header Files</Filter>
    </ClInclude>
    <ClInclude Include="..\..\..\sys\mcu\avr\ardo_supplemental_atmega32u2_dev.h">
      <Filter>Header Files</Filter>
    </ClInclude>
    <ClInclude Include="..\..\..\sys\mcu\avr\ardo_supplemental_atmega32u4.h">
      <Filter>Header Files</Filter>
    </ClInclude>
    <ClInclude Include="..\..\..\sys\mcu\avr\ardo_supplemental_atmega32u4_dev.h">
      <Filter>Header Files</Filter>
    </ClInclude>
    <ClInclude Include="..\..\..\sys\mcu\avr\ardo_supplemental_atmega32u6.h">
      <Filter>Header Files</Filter>
    </ClInclude>
    <ClInclude Include="..\..\..\sys\mcu\avr\ardo_supplemental_atmega32u6_dev.h">
      <Filter>Header Files</Filter>
    </ClInclude>
    <ClInclude Include="..\..\..\sys\mcu\avr\ardo_supplemental_atmega48.h">
      <Filter>Header Files</Filter>
    </ClInclude>
    <ClInclude Include="..\..\..\sys\mcu\avr\ardo_supplemental_atmega48_dev.h">
      <Filter>Header Files</Filter>
    </ClInclude>
    <ClInclude Include="..\..\..\sys\mcu\avr\ardo_supplemental_atmega48a.h">
      <Filter>Header Files</Filter>
    </ClInclude>
    <ClInclude Include="..\..\..\sys\mcu\avr\ardo_supplemental_atmega48a_dev.h">
      <Filter>Header Files</Filter>
    </ClInclude>
    <ClInclude Include="..\..\..\sys\mcu\avr\ardo_supplemental_atmega48p.h">
      <Filter>Header Files</Filter>
    </ClInclude>
    <ClInclude Include="..\..\..\sys\mcu\avr\ardo_supplemental_atmega48p_dev.h">
      <Filter>Header Files</Filter>
    </ClInclude>
    <ClInclude Include="..\..\..\sys\mcu\avr\ardo_supplemental_atmega48pa.h">
      <Filter>Header Files</Filter>
    </ClInclude>
    <ClInclude Include="..\..\..\sys\mcu\avr\ardo_supplemental_atmega48pa_dev.h">
      <Filter>Header Files</Filter>
    </ClInclude>
    <ClInclude Include="..\..\..\sys\mcu\avr\ardo_supplemental_atmega48pb.h">
      <Filter>Header Files</Filter>
    </ClInclude>
    <ClInclude Include="..\..\..\sys\mcu\avr\ardo_supplemental_atmega48pb_dev.h">
      <Filter>Header Files</Filter>
    </ClInclude>
    <ClInclude Include="..\..\..\sys\mcu\avr\ardo_supplemental_atmega64.h">
      <Filter>Header Files</Filter>
    </ClInclude>
    <ClInclude Include="..\..\..\sys\mcu\avr\ardo_supplemental_atmega64_dev.h">
      <Filter>Header Files</Filter>
    </ClInclude>
    <ClInclude Include="..\..\..\sys\mcu\avr\ardo_supplemental_atmega64a.h">
      <Filter>Header Files</Filter>
    </ClInclude>
    <ClInclude Include="..\..\..\sys\mcu\avr\ardo_supplemental_atmega64a_dev.h">
      <Filter>Header Files</Filter>
    </ClInclude>
    <ClInclude Include="..\..\..\sys\mcu\avr\ardo_supplemental_atmega64c1.h">
      <Filter>Header Files</Filter>
    </ClInclude>
    <ClInclude Include="..\..\..\sys\mcu\avr\ardo_supplemental_atmega64c1_dev.h">
      <Filter>Header Files</Filter>
    </ClInclude>
    <ClInclude Include="..\..\..\sys\mcu\avr\ardo_supplemental_atmega64hve.h">
      <Filter>Header Files</Filter>
    </ClInclude>
    <ClInclude Include="..\..\..\sys\mcu\avr\ardo_supplemental_atmega64hve_dev.h">
      <Filter>Header Files</Filter>
    </ClInclude>
    <ClInclude Include="..\..\..\sys\mcu\avr\ardo_supplemental_atmega64hve2.h">
      <Filter>Header Files</Filter>
    </ClInclude>
    <ClInclude Include="..\..\..\sys\mcu\avr\ardo_supplemental_atmega64hve2_dev.h">
      <Filter>Header Files</Filter>
    </ClInclude>
    <ClInclude Include="..\..\..\sys\mcu\avr\ardo_supplemental_atmega64m1.h">
      <Filter>Header Files</Filter>
    </ClInclude>
    <ClInclude Include="..\..\..\sys\mcu\avr\ardo_supplemental_atmega64m1_dev.h">
      <Filter>Header Files</Filter>
    </ClInclude>
    <ClInclude Include="..\..\..\sys\mcu\avr\ardo_supplemental_atmega64rfr2.h">
      <Filter>Header Files</Filter>
    </ClInclude>
    <ClInclude Include="..\..\..\sys\mcu\avr\ardo_supplemental_atmega64rfr2_dev.h">
      <Filter>Header Files</Filter>
    </ClInclude>
    <ClInclude Include="..\..\..\sys\mcu\avr\ardo_supplemental_atmega88.h">
      <Filter>Header Files</Filter>
    </ClInclude>
    <ClInclude Include="..\..\..\sys\mcu\avr\ardo_supplemental_atmega88_dev.h">
      <Filter>Header Files</Filter>
    </ClInclude>
    <ClInclude Include="..\..\..\sys\mcu\avr\ardo_supplemental_atmega88a.h">
      <Filter>Header Files</Filter>
    </ClInclude>
    <ClInclude Include="..\..\..\sys\mcu\avr\ardo_supplemental_atmega88a_dev.h">
      <Filter>Header Files</Filter>
    </ClInclude>
    <ClInclude Include="..\..\..\sys\mcu\avr\ardo_supplemental_atmega88p.h">
      <Filter>Header Files</Filter>
    </ClInclude>
    <ClInclude Include="..\..\..\sys\mcu\avr\ardo_supplemental_atmega88p_dev.h">
      <Filter>Header Files</Filter>
    </ClInclude>
    <ClInclude Include="..\..\..\sys\mcu\avr\ardo_supplemental_atmega88pa.h">
      <Filter>Header Files</Filter>
    </ClInclude>
    <ClInclude Include="..\..\..\sys\mcu\avr\ardo_supplemental_atmega88pa_dev.h">
      <Filter>Header Files</Filter>
    </ClInclude>
    <ClInclude Include="..\..\..\sys\mcu\avr\ardo_supplemental_atmega88pb.h">
      <Filter>Header Files</Filter>
    </ClInclude>
    <ClInclude Include="..\..\..\sys\mcu\avr\ardo_supplemental_atmega88pb_dev.h">
      <Filter>Header Files</Filter>
    </ClInclude>
    <ClInclude Include="..\..\..\sys\mcu\avr\ardo_supplemental_atmega103.h">
      <Filter>Header Files</Filter>
    </ClInclude>
    <ClInclude Include="..\..\..\sys\mcu\avr\ardo_supplemental_atmega103_dev.h">
      <Filter>Header Files</Filter>
    </ClInclude>
    <ClInclude Include="..\..\..\sys\mcu\avr\ardo_supplemental_atmega128.h">
      <Filter>Header Files</Filter>
    </ClInclude>
    <ClInclude Include="..\..\..\sys\mcu\avr\ardo_supplemental_atmega128_dev.h">
      <Filter>Header Files</Filter>
    </ClInclude>
    <ClInclude Include="..\..\..\sys\mcu\avr\ardo_supplemental_atmega128a.h">
      <Filter>Header Files</Filter>
    </ClInclude>
    <ClInclude Include="..\..\..\sys\mcu\avr\ardo_supplemental_atmega128a_dev.h">
      <Filter>Header Files</Filter>
    </ClInclude>
    <ClInclude Include="..\..\..\sys\mcu\avr\ardo_supplemental_atmega128rfa1.h">
      <Filter>Header Files</Filter>
    </ClInclude>
    <ClInclude Include="..\..\..\sys\mcu\avr\ardo_supplemental_atmega128rfa1_dev.h">
      <Filter>Header Files</Filter>
    </ClInclude>
    <ClInclude Include="..\..\..\sys\mcu\avr\ardo_supplemental_atmega128rfr2.h">
      <Filter>Header Files</Filter>
    </ClInclude>
    <ClInclude Include="..\..\..\sys\mcu\avr\ardo_supplemental_atmega128rfr2_dev.h">
      <Filter>Header Files</Filter>
    </ClInclude>
    <ClInclude Include="..\..\..\sys\mcu\avr\ardo_supplemental_atmega161.h">
      <Filter>Header Files</Filter>
    </ClInclude>
    <ClInclude Include="..\..\..\sys\mcu\avr\ardo_supplemental_atmega161_dev.h">
      <Filter>Header Files</Filter>
    </ClInclude>
    <ClInclude Include="..\..\..\sys\mcu\avr\ardo_supplemental_atmega162.h">
      <Filter>Header Files</Filter>
    </ClInclude>
    <ClInclude Include="..\..\..\sys\mcu\avr\ardo_supplemental_atmega162_dev.h">
      <Filter>Header Files</Filter>
    </ClInclude>
    <ClInclude Include="..\..\..\sys\mcu\avr\ardo_supplemental_atmega163.h">
      <Filter>Header Files</Filter>
    </ClInclude>
    <ClInclude Include="..\..\..\sys\mcu\avr\ardo_supplemental_atmega163_dev.h">
      <Filter>Header Files</Filter>
    </ClInclude>
    <ClInclude Include="..\..\..\sys\mcu\avr\ardo_supplemental_atmega164a.h">
      <Filter>Header Files</Filter>
    </ClInclude>
    <ClInclude Include="..\..\..\sys\mcu\avr\ardo_supplemental_atmega164a_dev.h">
      <Filter>Header Files</Filter>
    </ClInclude>
    <ClInclude Include="..\..\..\sys\mcu\avr\ardo_supplemental_atmega164p.h">
      <Filter>Header Files</Filter>
    </ClInclude>
    <ClInclude Include="..\..\..\sys\mcu\avr\ardo_supplemental_atmega164p_dev.h">
      <Filter>Header Files</Filter>
    </ClInclude>
    <ClInclude Include="..\..\..\sys\mcu\avr\ardo_supplemental_atmega164pa.h">
      <Filter>Header Files</Filter>
    </ClInclude>
    <ClInclude Include="..\..\..\sys\mcu\avr\ardo_supplemental_atmega164pa_dev.h">
      <Filter>Header Files</Filter>
    </ClInclude>
    <ClInclude Include="..\..\..\sys\mcu\avr\ardo_supplemental_atmega165.h">
      <Filter>Header Files</Filter>
    </ClInclude>
    <ClInclude Include="..\..\..\sys\mcu\avr\ardo_supplemental_atmega165_dev.h">
      <Filter>Header Files</Filter>
    </ClInclude>
    <ClInclude Include="..\..\..\sys\mcu\avr\ardo_supplemental_atmega165a.h">
      <Filter>Header Files</Filter>
    </ClInclude>
    <ClInclude Include="..\..\..\sys\mcu\avr\ardo_supplemental_atmega165a_dev.h">
      <Filter>Header Files</Filter>
    </ClInclude>
    <ClInclude Include="..\..\..\sys\mcu\avr\ardo_supplemental_atmega165p.h">
      <Filter>Header Files</Filter>
    </ClInclude>
    <ClInclude Include="..\..\..\sys\mcu\avr\ardo_supplemental_atmega165p_dev.h">
      <Filter>Header Files</Filter>
    </ClInclude>
    <ClInclude Include="..\..\..\sys\mcu\avr\ardo_supplemental_atmega165pa.h">
      <Filter>Header Files</Filter>
    </ClInclude>
    <ClInclude Include="..\..\..\sys\mcu\avr\ardo_supplemental_atmega165pa_dev.h">
      <Filter>Header Files</Filter>
    </ClInclude>
    <ClInclude Include="..\..\..\sys\mcu\avr\ardo_supplemental_atmega168.h">
      <Filter>Header Files</Filter>
    </ClInclude>
    <ClInclude Include="..\..\..\sys\mcu\avr\ardo_supplemental_atmega168_dev.h">
      <Filter>Header Files</Filter>
    </ClInclude>
    <ClInclude Include="..\..\..\sys\mcu\avr\ardo_supplemental_atmega168a.h">
      <Filter>Header Files</Filter>
    </ClInclude>
    <ClInclude Include="..\..\..\sys\mcu\avr\ardo_supplemental_atmega168a_dev.h">
      <Filter>Header Files</Filter>
    </ClInclude>
    <ClInclude Include="..\..\..\sys\mcu\avr\ardo_supplemental_atmega168p.h">
      <Filter>Header Files</Filter>
    </ClInclude>
    <ClInclude Include="..\..\..\sys\mcu\avr\ardo_supplemental_atmega168p_dev.h">
      <Filter>Header Files</Filter>
    </ClInclude>
    <ClInclude Include="..\..\..\sys\mcu\avr\ardo_supplemental_atmega168pa.h">
      <Filter>Header Files</Filter>
    </ClInclude>
    <ClInclude Include="..\..\..\sys\mcu\avr\ardo_supplemental_atmega168pa_dev.h">
      <Filter>Header Files</Filter>
    </ClInclude>
    <ClInclude Include="..\..\..\sys\mcu\avr\ardo_supplemental_atmega168pb.h">
      <Filter>Header Files</Filter>
    </ClInclude>
    <ClInclude Include="..\..\..\sys\mcu\avr\ardo_supplemental_atmega168pb_dev.h">
      <Filter>Header Files</Filter>
    </ClInclude>
    <ClInclude Include="..\..\..\sys\mcu\avr\ardo_supplemental_atmega169.h">
      <Filter>Header Files</Filter>
    </ClInclude>
    <ClInclude Include="..\..\..\sys\mcu\avr\ardo_supplemental_atmega169_dev.h">
      <Filter>Header Files</Filter>
    </ClInclude>
    <ClInclude Include="..\..\..\sys\mcu\avr\ardo_supplemental_atmega169a.h">
      <Filter>Header Files</Filter>
    </ClInclude>
    <ClInclude Include="..\..\..\sys\mcu\avr\ardo_supplemental_atmega169a_dev.h">
      <Filter>Header Files</Filter>
    </ClInclude>
    <ClInclude Include="..\..\..\sys\mcu\avr\ardo_supplemental_atmega169p.h">
      <Filter>Header Files</Filter>
    </ClInclude>
    <ClInclude Include="..\..\..\sys\mcu\avr\ardo_supplemental_atmega169p_dev.h">
      <Filter>Header Files</Filter>
    </ClInclude>
    <ClInclude Include="..\..\..\sys\mcu\avr\ardo_supplemental_atmega169pa.h">
      <Filter>Header Files</Filter>
    </ClInclude>
    <ClInclude Include="..\..\..\sys\mcu\avr\ardo_supplemental_atmega169pa_dev.h">
      <Filter>Header Files</Filter>
    </ClInclude>
    <ClInclude Include="..\..\..\sys\mcu\avr\ardo_supplemental_atmega256rfr2.h">
      <Filter>Header Files</Filter>
    </ClInclude>
    <ClInclude Include="..\..\..\sys\mcu\avr\ardo_supplemental_atmega256rfr2_dev.h">
      <Filter>Header Files</Filter>
    </ClInclude>
    <ClInclude Include="..\..\..\sys\mcu\avr\ardo_supplemental_atmega323.h">
      <Filter>Header Files</Filter>
    </ClInclude>
    <ClInclude Include="..\..\..\sys\mcu\avr\ardo_supplemental_atmega323_dev.h">
      <Filter>Header Files</Filter>
    </ClInclude>
    <ClInclude Include="..\..\..\sys\mcu\avr\ardo_supplemental_atmega324a.h">
      <Filter>Header Files</Filter>
    </ClInclude>
    <ClInclude Include="..\..\..\sys\mcu\avr\ardo_supplemental_atmega324a_dev.h">
      <Filter>Header Files</Filter>
    </ClInclude>
    <ClInclude Include="..\..\..\sys\mcu\avr\ardo_supplemental_atmega324p.h">
      <Filter>Header Files</Filter>
    </ClInclude>
    <ClInclude Include="..\..\..\sys\mcu\avr\ardo_supplemental_atmega324p_dev.h">
      <Filter>Header Files</Filter>
    </ClInclude>
    <ClInclude Include="..\..\..\sys\mcu\avr\ardo_supplemental_atmega324pa.h">
      <Filter>Header Files</Filter>
    </ClInclude>
    <ClInclude Include="..\..\..\sys\mcu\avr\ardo_supplemental_atmega324pa_dev.h">
      <Filter>Header Files</Filter>
    </ClInclude>
    <ClInclude Include="..\..\..\sys\mcu\avr\ardo_supplemental_atmega324pb.h">
      <Filter>Header Files</Filter>
    </ClInclude>
    <ClInclude Include="..\..\..\sys\mcu\avr\ardo_supplemental_atmega324pb_dev.h">
      <Filter>Header Files</Filter>
    </ClInclude>
    <ClInclude Include="..\..\..\sys\mcu\avr\ardo_supplemental_atmega325.h">
      <Filter>Header Files</Filter>
    </ClInclude>
    <ClInclude Include="..\..\..\sys\mcu\avr\ardo_supplemental_atmega325_dev.h">
      <Filter>Header Files</Filter>
    </ClInclude>
    <ClInclude Include="..\..\..\sys\mcu\avr\ardo_supplemental_atmega325a.h">
      <Filter>Header Files</Filter>
    </ClInclude>
    <ClInclude Include="..\..\..\sys\mcu\avr\ardo_supplemental_atmega325a_dev.h">
      <Filter>Header Files</Filter>
    </ClInclude>
    <ClInclude Include="..\..\..\sys\mcu\avr\ardo_supplemental_atmega325p.h">
      <Filter>Header Files</Filter>
    </ClInclude>
    <ClInclude Include="..\..\..\sys\mcu\avr\ardo_supplemental_atmega325p_dev.h">
      <Filter>Header Files</Filter>
    </ClInclude>
    <ClInclude Include="..\..\..\sys\mcu\avr\ardo_supplemental_atmega325pa.h">
      <Filter>Header Files</Filter>
    </ClInclude>
    <ClInclude Include="..\..\..\sys\mcu\avr\ardo_supplemental_atmega325pa_dev.h">
      <Filter>Header Files</Filter>
    </ClInclude>
    <ClInclude Include="..\..\..\sys\mcu\avr\ardo_supplemental_atmega328.h">
      <Filter>Header Files</Filter>
    </ClInclude>
    <ClInclude Include="..\..\..\sys\mcu\avr\ardo_supplemental_atmega328_dev.h">
      <Filter>Header Files</Filter>
    </ClInclude>
    <ClInclude Include="..\..\..\sys\mcu\avr\ardo_supplemental_atmega328p.h">
      <Filter>Header Files</Filter>
    </ClInclude>
    <ClInclude Include="..\..\..\sys\mcu\avr\ardo_supplemental_atmega328p_dev.h">
      <Filter>Header Files</Filter>
    </ClInclude>
    <ClInclude Include="..\..\..\sys\mcu\avr\ardo_supplemental_atmega328pb.h">
      <Filter>Header Files</Filter>
    </ClInclude>
    <ClInclude Include="..\..\..\sys\mcu\avr\ardo_supplemental_atmega328pb_dev.h">
      <Filter>Header Files</Filter>
    </ClInclude>
    <ClInclude Include="..\..\..\sys\mcu\avr\ardo_supplemental_atmega329.h">
      <Filter>Header Files</Filter>
    </ClInclude>
    <ClInclude Include="..\..\..\sys\mcu\avr\ardo_supplemental_atmega329_dev.h">
      <Filter>Header Files</Filter>
    </ClInclude>
    <ClInclude Include="..\..\..\sys\mcu\avr\ardo_supplemental_atmega329a.h">
      <Filter>Header Files</Filter>
    </ClInclude>
    <ClInclude Include="..\..\..\sys\mcu\avr\ardo_supplemental_atmega329a_dev.h">
      <Filter>Header Files</Filter>
    </ClInclude>
    <ClInclude Include="..\..\..\sys\mcu\avr\ardo_supplemental_atmega329p.h">
      <Filter>Header Files</Filter>
    </ClInclude>
    <ClInclude Include="..\..\..\sys\mcu\avr\ardo_supplemental_atmega329p_dev.h">
      <Filter>Header Files</Filter>
    </ClInclude>
    <ClInclude Include="..\..\..\sys\mcu\avr\ardo_supplemental_atmega329pa.h">
      <Filter>Header Files</Filter>
    </ClInclude>
    <ClInclude Include="..\..\..\sys\mcu\avr\ardo_supplemental_atmega329pa_dev.h">
      <Filter>Header Files</Filter>
    </ClInclude>
    <ClInclude Include="..\..\..\sys\mcu\avr\ardo_supplemental_atmega406.h">
      <Filter>Header Files</Filter>
    </ClInclude>
    <ClInclude Include="..\..\..\sys\mcu\avr\ardo_supplemental_atmega406_dev.h">
      <Filter>Header Files</Filter>
    </ClInclude>
    <ClInclude Include="..\..\..\sys\mcu\avr\ardo_supplemental_atmega640.h">
      <Filter>Header Files</Filter>
    </ClInclude>
    <ClInclude Include="..\..\..\sys\mcu\avr\ardo_supplemental_atmega640_dev.h">
      <Filter>Header Files</Filter>
    </ClInclude>
    <ClInclude Include="..\..\..\sys\mcu\avr\ardo_supplemental_atmega644.h">
      <Filter>Header Files</Filter>
    </ClInclude>
    <ClInclude Include="..\..\..\sys\mcu\avr\ardo_supplemental_atmega644_dev.h">
      <Filter>Header Files</Filter>
    </ClInclude>
    <ClInclude Include="..\..\..\sys\mcu\avr\ardo_supplemental_atmega644a.h">
      <Filter>Header Files</Filter>
    </ClInclude>
    <ClInclude Include="..\..\..\sys\mcu\avr\ardo_supplemental_atmega644a_dev.h">
      <Filter>Header Files</Filter>
    </ClInclude>
    <ClInclude Include="..\..\..\sys\mcu\avr\ardo_supplemental_atmega644p.h">
      <Filter>Header Files</Filter>
    </ClInclude>
    <ClInclude Include="..\..\..\sys\mcu\avr\ardo_supplemental_atmega644p_dev.h">
      <Filter>Header Files</Filter>
    </ClInclude>
    <ClInclude Include="..\..\..\sys\mcu\avr\ardo_supplemental_atmega644pa.h">
      <Filter>Header Files</Filter>
    </ClInclude>
    <ClInclude Include="..\..\..\sys\mcu\avr\ardo_supplemental_atmega644pa_dev.h">
      <Filter>Header Files</Filter>
    </ClInclude>
    <ClInclude Include="..\..\..\sys\mcu\avr\ardo_supplemental_atmega644rfr2.h">
      <Filter>Header Files</Filter>
    </ClInclude>
    <ClInclude Include="..\..\..\sys\mcu\avr\ardo_supplemental_atmega644rfr2_dev.h">
      <Filter>Header Files</Filter>
    </ClInclude>
    <ClInclude Include="..\..\..\sys\mcu\avr\ardo_supplemental_atmega645.h">
      <Filter>Header Files</Filter>
    </ClInclude>
    <ClInclude Include="..\..\..\sys\mcu\avr\ardo_supplemental_atmega645_dev.h">
      <Filter>Header Files</Filter>
    </ClInclude>
    <ClInclude Include="..\..\..\sys\mcu\avr\ardo_supplemental_atmega645a.h">
      <Filter>Header Files</Filter>
    </ClInclude>
    <ClInclude Include="..\..\..\sys\mcu\avr\ardo_supplemental_atmega645a_dev.h">
      <Filter>Header Files</Filter>
    </ClInclude>
    <ClInclude Include="..\..\..\sys\mcu\avr\ardo_supplemental_atmega645p.h">
      <Filter>Header Files</Filter>
    </ClInclude>
    <ClInclude Include="..\..\..\sys\mcu\avr\ardo_supplemental_atmega645p_dev.h">
      <Filter>Header Files</Filter>
    </ClInclude>
    <ClInclude Include="..\..\..\sys\mcu\avr\ardo_supplemental_atmega649.h">
      <Filter>Header Files</Filter>
    </ClInclude>
    <ClInclude Include="..\..\..\sys\mcu\avr\ardo_supplemental_atmega649_dev.h">
      <Filter>Header Files</Filter>
    </ClInclude>
    <ClInclude Include="..\..\..\sys\mcu\avr\ardo_supplemental_atmega649a.h">
      <Filter>Header Files</Filter>
    </ClInclude>
    <ClInclude Include="..\..\..\sys\mcu\avr\ardo_supplemental_atmega649a_dev.h">
      <Filter>Header Files</Filter>
    </ClInclude>
    <ClInclude Include="..\..\..\sys\mcu\avr\ardo_supplemental_atmega649p.h">
      <Filter>Header Files</Filter>
    </ClInclude>
    <ClInclude Include="..\..\..\sys\mcu\avr\ardo_supplemental_atmega649p_dev.h">
      <Filter>Header Files</Filter>
    </ClInclude>
    <ClInclude Include="..\..\..\sys\mcu\avr\ardo_supplemental_atmega808.h">
      <Filter>Header Files</Filter>
    </ClInclude>
    <ClInclude Include="..\..\..\sys\mcu\avr\ardo_supplemental_atmega808_dev.h">
      <Filter>Header Files</Filter>
    </ClInclude>
    <ClInclude Include="..\..\..\sys\mcu\avr\ardo_supplemental_atmega809.h">
      <Filter>Header Files</Filter>
    </ClInclude>
    <ClInclude Include="..\..\..\sys\mcu\avr\ardo_supplemental_atmega809_dev.h">
      <Filter>Header Files</Filter>
    </ClInclude>
    <ClInclude Include="..\..\..\sys\mcu\avr\ardo_supplemental_atmega1280.h">
      <Filter>Header Files</Filter>
    </ClInclude>
    <ClInclude Include="..\..\..\sys\mcu\avr\ardo_supplemental_atmega1280_dev.h">
      <Filter>Header Files</Filter>
    </ClInclude>
    <ClInclude Include="..\..\..\sys\mcu\avr\ardo_supplemental_atmega1281.h">
      <Filter>Header Files</Filter>
    </ClInclude>
    <ClInclude Include="..\..\..\sys\mcu\avr\ardo_supplemental_atmega1281_dev.h">
      <Filter>Header Files</Filter>
    </ClInclude>
    <ClInclude Include="..\..\..\sys\mcu\avr\ardo_supplemental_atmega1284.h">
      <Filter>Header Files</Filter>
    </ClInclude>
    <ClInclude Include="..\..\..\sys\mcu\avr\ardo_supplemental_atmega1284_dev.h">
      <Filter>Header Files</Filter>
    </ClInclude>
    <ClInclude Include="..\..\..\sys\mcu\avr\ardo_supplemental_atmega1284p.h">
      <Filter>Header Files</Filter>
    </ClInclude>
    <ClInclude Include="..\..\..\sys\mcu\avr\ardo_supplemental_atmega1284p_dev.h">
      <Filter>Header Files</Filter>
    </ClInclude>
    <ClInclude Include="..\..\..\sys\mcu\avr\ardo_supplemental_atmega1284rfr2.h">
      <Filter>Header Files</Filter>
    </ClInclude>
    <ClInclude Include="..\..\..\sys\mcu\avr\ardo_supplemental_atmega1284rfr2_dev.h">
      <Filter>Header Files</Filter>
    </ClInclude>
    <ClInclude Include="..\..\..\sys\mcu\avr\ardo_supplemental_atmega1608.h">
      <Filter>Header Files</Filter>
    </ClInclude>
    <ClInclude Include="..\..\..\sys\mcu\avr\ardo_supplemental_atmega1608_dev.h">
      <Filter>Header Files</Filter>
    </ClInclude>
    <ClInclude Include="..\..\..\sys\mcu\avr\ardo_supplemental_atmega1609.h">
      <Filter>Header Files</Filter>
    </ClInclude>
    <ClInclude Include="..\..\..\sys\mcu\avr\ardo_supplemental_atmega1609_dev.h">
      <Filter>Header Files</Filter>
    </ClInclude>
    <ClInclude Include="..\..\..\sys\mcu\avr\ardo_supplemental_atmega2560.h">
      <Filter>Header Files</Filter>
    </ClInclude>
    <ClInclude Include="..\..\..\sys\mcu\avr\ardo_supplemental_atmega2560_dev.h">
      <Filter>Header Files</Filter>
    </ClInclude>
    <ClInclude Include="..\..\..\sys\mcu\avr\ardo_supplemental_atmega2561.h">
      <Filter>Header Files</Filter>
    </ClInclude>
    <ClInclude Include="..\..\..\sys\mcu\avr\ardo_supplemental_atmega2561_dev.h">
      <Filter>Header Files</Filter>
    </ClInclude>
    <ClInclude Include="..\..\..\sys\mcu\avr\ardo_supplemental_atmega2564rfr2.h">
      <Filter>Header Files</Filter>
    </ClInclude>
    <ClInclude Include="..\..\..\sys\mcu\avr\ardo_supplemental_atmega2564rfr2_dev.h">
      <Filter>Header Files</Filter>
    </ClInclude>
    <ClInclude Include="..\..\..\sys\mcu\avr\ardo_supplemental_atmega3208.h">
      <Filter>Header Files</Filter>
    </ClInclude>
    <ClInclude Include="..\..\..\sys\mcu\avr\ardo_supplemental_atmega3208_dev.h">
      <Filter>Header Files</Filter>
    </ClInclude>
    <ClInclude Include="..\..\..\sys\mcu\avr\ardo_supplemental_atmega3209.h">
      <Filter>Header Files</Filter>
    </ClInclude>
    <ClInclude Include="..\..\..\sys\mcu\avr\ardo_supplemental_atmega3209_dev.h">
      <Filter>Header Files</Filter>
    </ClInclude>
    <ClInclude Include="..\..\..\sys\mcu\avr\ardo_supplemental_atmega3250.h">
      <Filter>Header Files</Filter>
    </ClInclude>
    <ClInclude Include="..\..\..\sys\mcu\avr\ardo_supplemental_atmega3250_dev.h">
      <Filter>Header Files</Filter>
    </ClInclude>
    <ClInclude Include="..\..\..\sys\mcu\avr\ardo_supplemental_atmega3250a.h">
      <Filter>Header Files</Filter>
    </ClInclude>
    <ClInclude Include="..\..\..\sys\mcu\avr\ardo_supplemental_atmega3250a_dev.h">
      <Filter>Header Files</Filter>
    </ClInclude>
    <ClInclude Include="..\..\..\sys\mcu\avr\ardo_supplemental_atmega3250p.h">
      <Filter>Header Files</Filter>
    </ClInclude>
    <ClInclude Include="..\..\..\sys\mcu\avr\ardo_supplemental_atmega3250p_dev.h">
      <Filter>Header Files</Filter>
    </ClInclude>
    <ClInclude Include="..\..\..\sys\mcu\avr\ardo_supplemental_atmega3250pa.h">
      <Filter>Header Files</Filter>
    </ClInclude>
    <ClInclude Include="..\..\..\sys\mcu\avr\ardo_supplemental_atmega3250pa_dev.h">
      <Filter>Header Files</Filter>
    </ClInclude>
    <ClInclude Include="..\..\..\sys\mcu\avr\ardo_supplemental_atmega3290.h">
      <Filter>Header Files</Filter>
    </ClInclude>
    <ClInclude Include="..\..\..\sys\mcu\avr\ardo_supplemental_atmega3290_dev.h">
      <Filter>Header Files</Filter>
    </ClInclude>
    <ClInclude Include="..\..\..\sys\mcu\avr\ardo_supplemental_atmega3290a.h">
      <Filter>Header Files</Filter>
    </ClInclude>
    <ClInclude Include="..\..\..\sys\mcu\avr\ardo_supplemental_atmega3290a_dev.h">
      <Filter>Header Files</Filter>
    </ClInclude>
    <ClInclude Include="..\..\..\sys\mcu\avr\ardo_supplemental_atmega3290p.h">
      <Filter>Header Files</Filter>
    </ClInclude>
    <ClInclude Include="..\..\..\sys\mcu\avr\ardo_supplemental_atmega3290p_dev.h">
      <Filter>Header Files</Filter>
    </ClInclude>
    <ClInclude Include="..\..\..\sys\mcu\avr\ardo_supplemental_atmega3290pa.h">
      <Filter>Header Files</Filter>
    </ClInclude>
    <ClInclude Include="..\..\..\sys\mcu\avr\ardo_supplemental_atmega3290pa_dev.h">
      <Filter>Header Files</Filter>
    </ClInclude>
    <ClInclude Include="..\..\..\sys\mcu\avr\ardo_supplemental_atmega4808.h">
      <Filter>Header Files</Filter>
    </ClInclude>
    <ClInclude Include="..\..\..\sys\mcu\avr\ardo_supplemental_atmega4808_dev.h">
      <Filter>Header Files</Filter>
    </ClInclude>
    <ClInclude Include="..\..\..\sys\mcu\avr\ardo_supplemental_atmega4809.h">
      <Filter>Header Files</Filter>
    </ClInclude>
    <ClInclude Include="..\..\..\sys\mcu\avr\ardo_supplemental_atmega4809_dev.h">
      <Filter>Header Files</Filter>
    </ClInclude>
    <ClInclude Include="..\..\..\sys\mcu\avr\ardo_supplemental_atmega6450.h">
      <Filter>Header Files</Filter>
    </ClInclude>
    <ClInclude Include="..\..\..\sys\mcu\avr\ardo_supplemental_atmega6450_dev.h">
      <Filter>Header Files</Filter>
    </ClInclude>
    <ClInclude Include="..\..\..\sys\mcu\avr\ardo_supplemental_atmega6450a.h">
      <Filter>Header Files</Filter>
    </ClInclude>
    <ClInclude Include="..\..\..\sys\mcu\avr\ardo_supplemental_atmega6450a_dev.h">
      <Filter>Header Files</Filter>
    </ClInclude>
    <ClInclude Include="..\..\..\sys\mcu\avr\ardo_supplemental_atmega6450p.h">
      <Filter>Header Files</Filter>
    </ClInclude>
    <ClInclude Include="..\..\..\sys\mcu\avr\ardo_supplemental_atmega6450p_dev.h">
      <Filter>Header Files</Filter>
    </ClInclude>
    <ClInclude Include="..\..\..\sys\mcu\avr\ardo_supplemental_atmega6490.h">
      <Filter>Header Files</Filter>
    </ClInclude>
    <ClInclude Include="..\..\..\sys\mcu\avr\ardo_supplemental_atmega6490_dev.h">
      <Filter>Header Files</Filter>
    </ClInclude>
    <ClInclude Include="..\..\..\sys\mcu\avr\ardo_supplemental_atmega6490a.h">
      <Filter>Header Files</Filter>
    </ClInclude>
    <ClInclude Include="..\..\..\sys\mcu\avr\ardo_supplemental_atmega6490a_dev.h">
      <Filter>Header Files</Filter>
    </ClInclude>
    <ClInclude Include="..\..\..\sys\mcu\avr\ardo_supplemental_atmega6490p.h">
      <Filter>Header Files</Filter>
    </ClInclude>
    <ClInclude Include="..\..\..\sys\mcu\avr\ardo_supplemental_atmega6490p_dev.h">
      <Filter>Header Files</Filter>
    </ClInclude>
    <ClInclude Include="..\..\..\sys\mcu\avr\ardo_supplemental_atmega8515.h">
      <Filter>Header Files</Filter>
    </ClInclude>
    <ClInclude Include="..\..\..\sys\mcu\avr\ardo_supplemental_atmega8515_dev.h">
      <Filter>Header Files</Filter>
    </ClInclude>
    <ClInclude Include="..\..\..\sys\mcu\avr\ardo_supplemental_atmega8535.h">
      <Filter>Header Files</Filter>
    </ClInclude>
    <ClInclude Include="..\..\..\sys\mcu\avr\ardo_supplemental_atmega8535_dev.h">
      <Filter>Header Files</Filter>
    </ClInclude>
    <ClInclude Include="..\..\..\sys\mcu\avr\ardo_supplemental_attiny4.h">
      <Filter>Header Files</Filter>
    </ClInclude>
    <ClInclude Include="..\..\..\sys\mcu\avr\ardo_supplemental_attiny4_dev.h">
      <Filter>Header Files</Filter>
    </ClInclude>
    <ClInclude Include="..\..\..\sys\mcu\avr\ardo_supplemental_attiny5.h">
      <Filter>Header Files</Filter>
    </ClInclude>
    <ClInclude Include="..\..\..\sys\mcu\avr\ardo_supplemental_attiny5_dev.h">
      <Filter>Header Files</Filter>
    </ClInclude>
    <ClInclude Include="..\..\..\sys\mcu\avr\ardo_supplemental_attiny9.h">
      <Filter>Header Files</Filter>
    </ClInclude>
    <ClInclude Include="..\..\..\sys\mcu\avr\ardo_supplemental_attiny9_dev.h">
      <Filter>Header Files</Filter>
    </ClInclude>
    <ClInclude Include="..\..\..\sys\mcu\avr\ardo_supplemental_attiny10.h">
      <Filter>Header Files</Filter>
    </ClInclude>
    <ClInclude Include="..\..\..\sys\mcu\avr\ardo_supplemental_attiny10_dev.h">
      <Filter>Header Files</Filter>
    </ClInclude>
    <ClInclude Include="..\..\..\sys\mcu\avr\ardo_supplemental_attiny11.h">
      <Filter>Header Files</Filter>
    </ClInclude>
    <ClInclude Include="..\..\..\sys\mcu\avr\ardo_supplemental_attiny11_dev.h">
      <Filter>Header Files</Filter>
    </ClInclude>
    <ClInclude Include="..\..\..\sys\mcu\avr\ardo_supplemental_attiny12.h">
      <Filter>Header Files</Filter>
    </ClInclude>
    <ClInclude Include="..\..\..\sys\mcu\avr\ardo_supplemental_attiny12_dev.h">
      <Filter>Header Files</Filter>
    </ClInclude>
    <ClInclude Include="..\..\..\sys\mcu\avr\ardo_supplemental_attiny13.h">
      <Filter>Header Files</Filter>
    </ClInclude>
    <ClInclude Include="..\..\..\sys\mcu\avr\ardo_supplemental_attiny13_dev.h">
      <Filter>Header Files</Filter>
    </ClInclude>
    <ClInclude Include="..\..\..\sys\mcu\avr\ardo_supplemental_attiny13a.h">
      <Filter>Header Files</Filter>
    </ClInclude>
    <ClInclude Include="..\..\..\sys\mcu\avr\ardo_supplemental_attiny13a_dev.h">
      <Filter>Header Files</Filter>
    </ClInclude>
    <ClInclude Include="..\..\..\sys\mcu\avr\ardo_supplemental_attiny15.h">
      <Filter>Header Files</Filter>
    </ClInclude>
    <ClInclude Include="..\..\..\sys\mcu\avr\ardo_supplemental_attiny15_dev.h">
      <Filter>Header Files</Filter>
    </ClInclude>
    <ClInclude Include="..\..\..\sys\mcu\avr\ardo_supplemental_attiny20.h">
      <Filter>Header Files</Filter>
    </ClInclude>
    <ClInclude Include="..\..\..\sys\mcu\avr\ardo_supplemental_attiny20_dev.h">
      <Filter>Header Files</Filter>
    </ClInclude>
    <ClInclude Include="..\..\..\sys\mcu\avr\ardo_supplemental_attiny22.h">
      <Filter>Header Files</Filter>
    </ClInclude>
    <ClInclude Include="..\..\..\sys\mcu\avr\ardo_supplemental_attiny22_dev.h">
      <Filter>Header Files</Filter>
    </ClInclude>
    <ClInclude Include="..\..\..\sys\mcu\avr\ardo_supplemental_attiny24.h">
      <Filter>Header Files</Filter>
    </ClInclude>
    <ClInclude Include="..\..\..\sys\mcu\avr\ardo_supplemental_attiny24_dev.h">
      <Filter>Header Files</Filter>
    </ClInclude>
    <ClInclude Include="..\..\..\sys\mcu\avr\ardo_supplemental_attiny24a.h">
      <Filter>Header Files</Filter>
    </ClInclude>
    <ClInclude Include="..\..\..\sys\mcu\avr\ardo_supplemental_attiny24a_dev.h">
      <Filter>Header Files</Filter>
    </ClInclude>
    <ClInclude Include="..\..\..\sys\mcu\avr\ardo_supplemental_attiny25.h">
      <Filter>Header Files</Filter>
    </ClInclude>
    <ClInclude Include="..\..\..\sys\mcu\avr\ardo_supplemental_attiny25_dev.h">
      <Filter>Header Files</Filter>
    </ClInclude>
    <ClInclude Include="..\..\..\sys\mcu\avr\ardo_supplemental_attiny26.h">
      <Filter>Header Files</Filter>
    </ClInclude>
    <ClInclude Include="..\..\..\sys\mcu\avr\ardo_supplemental_attiny26_dev.h">
      <Filter>Header Files</Filter>
    </ClInclude>
    <ClInclude Include="..\..\..\sys\mcu\avr\ardo_supplemental_attiny28.h">
      <Filter>Header Files</Filter>
    </ClInclude>
    <ClInclude Include="..\..\..\sys\mcu\avr\ardo_supplemental_attiny28_dev.h">
      <Filter>Header Files</Filter>
    </ClInclude>
    <ClInclude Include="..\..\..\sys\mcu\avr\ardo_supplemental_attiny40.h">
      <Filter>Header Files</Filter>
    </ClInclude>
    <ClInclude Include="..\..\..\sys\mcu\avr\ardo_supplemental_attiny40_dev.h">
      <Filter>Header Files</Filter>
    </ClInclude>
    <ClInclude Include="..\..\..\sys\mcu\avr\ardo_supplemental_attiny43u.h">
      <Filter>Header Files</Filter>
    </ClInclude>
    <ClInclude Include="..\..\..\sys\mcu\avr\ardo_supplemental_attiny43u_dev.h">
      <Filter>Header Files</Filter>
    </ClInclude>
    <ClInclude Include="..\..\..\sys\mcu\avr\ardo_supplemental_attiny44.h">
      <Filter>Header Files</Filter>
    </ClInclude>
    <ClInclude Include="..\..\..\sys\mcu\avr\ardo_supplemental_attiny44_dev.h">
      <Filter>Header Files</Filter>
    </ClInclude>
    <ClInclude Include="..\..\..\sys\mcu\avr\ardo_supplemental_attiny44a.h">
      <Filter>Header Files</Filter>
    </ClInclude>
    <ClInclude Include="..\..\..\sys\mcu\avr\ardo_supplemental_attiny44a_dev.h">
      <Filter>Header Files</Filter>
    </ClInclude>
    <ClInclude Include="..\..\..\sys\mcu\avr\ardo_supplemental_attiny45.h">
      <Filter>Header Files</Filter>
    </ClInclude>
    <ClInclude Include="..\..\..\sys\mcu\avr\ardo_supplemental_attiny45_dev.h">
      <Filter>Header Files</Filter>
    </ClInclude>
    <ClInclude Include="..\..\..\sys\mcu\avr\ardo_supplemental_attiny48.h">
      <Filter>Header Files</Filter>
    </ClInclude>
    <ClInclude Include="..\..\..\sys\mcu\avr\ardo_supplemental_attiny48_dev.h">
      <Filter>Header Files</Filter>
    </ClInclude>
    <ClInclude Include="..\..\..\sys\mcu\avr\ardo_supplemental_attiny84.h">
      <Filter>Header Files</Filter>
    </ClInclude>
    <ClInclude Include="..\..\..\sys\mcu\avr\ardo_supplemental_attiny84_dev.h">
      <Filter>Header Files</Filter>
    </ClInclude>
    <ClInclude Include="..\..\..\sys\mcu\avr\ardo_supplemental_attiny84a.h">
      <Filter>Header Files</Filter>
    </ClInclude>
    <ClInclude Include="..\..\..\sys\mcu\avr\ardo_supplemental_attiny84a_dev.h">
      <Filter>Header Files</Filter>
    </ClInclude>
    <ClInclude Include="..\..\..\sys\mcu\avr\ardo_supplemental_attiny85.h">
      <Filter>Header Files</Filter>
    </ClInclude>
    <ClInclude Include="..\..\..\sys\mcu\avr\ardo_supplemental_attiny85_dev.h">
      <Filter>Header Files</Filter>
    </ClInclude>
    <ClInclude Include="..\..\..\sys\mcu\avr\ardo_supplemental_attiny87.h">
      <Filter>Header Files</Filter>
    </ClInclude>
    <ClInclude Include="..\..\..\sys\mcu\avr\ardo_supplemental_attiny87_dev.h">
      <Filter>Header Files</Filter>
    </ClInclude>
    <ClInclude Include="..\..\..\sys\mcu\avr\ardo_supplemental_attiny88.h">
      <Filter>Header Files</Filter>
    </ClInclude>
    <ClInclude Include="..\..\..\sys\mcu\avr\ardo_supplemental_attiny88_dev.h">
      <Filter>Header Files</Filter>
    </ClInclude>
    <ClInclude Include="..\..\..\sys\mcu\avr\ardo_supplemental_attiny102.h">
      <Filter>Header Files</Filter>
    </ClInclude>
    <ClInclude Include="..\..\..\sys\mcu\avr\ardo_supplemental_attiny102_dev.h">
      <Filter>Header Files</Filter>
    </ClInclude>
    <ClInclude Include="..\..\..\sys\mcu\avr\ardo_supplemental_attiny104.h">
      <Filter>Header Files</Filter>
    </ClInclude>
    <ClInclude Include="..\..\..\sys\mcu\avr\ardo_supplemental_attiny104_dev.h">
      <Filter>Header Files</Filter>
    </ClInclude>
    <ClInclude Include="..\..\..\sys\mcu\avr\ardo_supplemental_attiny167.h">
      <Filter>Header Files</Filter>
    </ClInclude>
    <ClInclude Include="..\..\..\sys\mcu\avr\ardo_supplemental_attiny167_dev.h">
      <Filter>Header Files</Filter>
    </ClInclude>
    <ClInclude Include="..\..\..\sys\mcu\avr\ardo_supplemental_attiny202.h">
      <Filter>Header Files</Filter>
    </ClInclude>
    <ClInclude Include="..\..\..\sys\mcu\avr\ardo_supplemental_attiny202_dev.h">
      <Filter>Header Files</Filter>
    </ClInclude>
    <ClInclude Include="..\..\..\sys\mcu\avr\ardo_supplemental_attiny204.h">
      <Filter>Header Files</Filter>
    </ClInclude>
    <ClInclude Include="..\..\..\sys\mcu\avr\ardo_supplemental_attiny204_dev.h">
      <Filter>Header Files</Filter>
    </ClInclude>
    <ClInclude Include="..\..\..\sys\mcu\avr\ardo_supplemental_attiny212.h">
      <Filter>Header Files</Filter>
    </ClInclude>
    <ClInclude Include="..\..\..\sys\mcu\avr\ardo_supplemental_attiny212_dev.h">
      <Filter>Header Files</Filter>
    </ClInclude>
    <ClInclude Include="..\..\..\sys\mcu\avr\ardo_supplemental_attiny214.h">
      <Filter>Header Files</Filter>
    </ClInclude>
    <ClInclude Include="..\..\..\sys\mcu\avr\ardo_supplemental_attiny214_dev.h">
      <Filter>Header Files</Filter>
    </ClInclude>
    <ClInclude Include="..\..\..\sys\mcu\avr\ardo_supplemental_attiny261.h">
      <Filter>Header Files</Filter>
    </ClInclude>
    <ClInclude Include="..\..\..\sys\mcu\avr\ardo_supplemental_attiny261_dev.h">
      <Filter>Header Files</Filter>
    </ClInclude>
    <ClInclude Include="..\..\..\sys\mcu\avr\ardo_supplemental_attiny261a.h">
      <Filter>Header Files</Filter>
    </ClInclude>
    <ClInclude Include="..\..\..\sys\mcu\avr\ardo_supplemental_attiny261a_dev.h">
      <Filter>Header Files</Filter>
    </ClInclude>
    <ClInclude Include="..\..\..\sys\mcu\avr\ardo_supplemental_attiny402.h">
      <Filter>Header Files</Filter>
    </ClInclude>
    <ClInclude Include="..\..\..\sys\mcu\avr\ardo_supplemental_attiny402_dev.h">
      <Filter>Header Files</Filter>
    </ClInclude>
    <ClInclude Include="..\..\..\sys\mcu\avr\ardo_supplemental_attiny404.h">
      <Filter>Header Files</Filter>
    </ClInclude>
    <ClInclude Include="..\..\..\sys\mcu\avr\ardo_supplemental_attiny404_dev.h">
      <Filter>Header Files</Filter>
    </ClInclude>
    <ClInclude Include="..\..\..\sys\mcu\avr\ardo_supplemental_attiny406.h">
      <Filter>Header Files</Filter>
    </ClInclude>
    <ClInclude Include="..\..\..\sys\mcu\avr\ardo_supplemental_attiny406_dev.h">
      <Filter>Header Files</Filter>
    </ClInclude>
    <ClInclude Include="..\..\..\sys\mcu\avr\ardo_supplemental_attiny412.h">
      <Filter>Header Files</Filter>
    </ClInclude>
    <ClInclude Include="..\..\..\sys\mcu\avr\ardo_supplemental_attiny412_dev.h">
      <Filter>Header Files</Filter>
    </ClInclude>
    <ClInclude Include="..\..\..\sys\mcu\avr\ardo_supplemental_attiny414.h">
      <Filter>Header Files</Filter>
    </ClInclude>
    <ClInclude Include="..\..\..\sys\mcu\avr\ardo_supplemental_attiny414_dev.h">
      <Filter>Header Files</Filter>
    </ClInclude>
    <ClInclude Include="..\..\..\sys\mcu\avr\ardo_supplemental_attiny416.h">
      <Filter>Header Files</Filter>
    </ClInclude>
    <ClInclude Include="..\..\..\sys\mcu\avr\ardo_supplemental_attiny416_dev.h">
      <Filter>Header Files</Filter>
    </ClInclude>
    <ClInclude Include="..\..\..\sys\mcu\avr\ardo_supplemental_attiny417.h">
      <Filter>Header Files</Filter>
    </ClInclude>
    <ClInclude Include="..\..\..\sys\mcu\avr\ardo_supplemental_attiny417_dev.h">
      <Filter>Header Files</Filter>
    </ClInclude>
    <ClInclude Include="..\..\..\sys\mcu\avr\ardo_supplemental_attiny441.h">
      <Filter>Header Files</Filter>
    </ClInclude>
    <ClInclude Include="..\..\..\sys\mcu\avr\ardo_supplemental_attiny441_dev.h">
      <Filter>Header Files</Filter>
    </ClInclude>
    <ClInclude Include="..\..\..\sys\mcu\avr\ardo_supplemental_attiny461.h">
      <Filter>Header Files</Filter>
    </ClInclude>
    <ClInclude Include="..\..\..\sys\mcu\avr\ardo_supplemental_attiny461_dev.h">
      <Filter>Header Files</Filter>
    </ClInclude>
    <ClInclude Include="..\..\..\sys\mcu\avr\ardo_supplemental_attiny461a.h">
      <Filter>Header Files</Filter>
    </ClInclude>
    <ClInclude Include="..\..\..\sys\mcu\avr\ardo_supplemental_attiny461a_dev.h">
      <Filter>Header Files</Filter>
    </ClInclude>
    <ClInclude Include="..\..\..\sys\mcu\avr\ardo_supplemental_attiny804.h">
      <Filter>Header Files</Filter>
    </ClInclude>
    <ClInclude Include="..\..\..\sys\mcu\avr\ardo_supplemental_attiny804_dev.h">
      <Filter>Header Files</Filter>
    </ClInclude>
    <ClInclude Include="..\..\..\sys\mcu\avr\ardo_supplemental_attiny806.h">
      <Filter>Header Files</Filter>
    </ClInclude>
    <ClInclude Include="..\..\..\sys\mcu\avr\ardo_supplemental_attiny806_dev.h">
      <Filter>Header Files</Filter>
    </ClInclude>
    <ClInclude Include="..\..\..\sys\mcu\avr\ardo_supplemental_attiny807.h">
      <Filter>Header Files</Filter>
    </ClInclude>
    <ClInclude Include="..\..\..\sys\mcu\avr\ardo_supplemental_attiny807_dev.h">
      <Filter>Header Files</Filter>
    </ClInclude>
    <ClInclude Include="..\..\..\sys\mcu\avr\ardo_supplemental_attiny814.h">
      <Filter>Header Files</Filter>
    </ClInclude>
    <ClInclude Include="..\..\..\sys\mcu\avr\ardo_supplemental_attiny814_dev.h">
      <Filter>Header Files</Filter>
    </ClInclude>
    <ClInclude Include="..\..\..\sys\mcu\avr\ardo_supplemental_attiny816.h">
      <Filter>Header Files</Filter>
    </ClInclude>
    <ClInclude Include="..\..\..\sys\mcu\avr\ardo_supplemental_attiny816_dev.h">
      <Filter>Header Files</Filter>
    </ClInclude>
    <ClInclude Include="..\..\..\sys\mcu\avr\ardo_supplemental_attiny817.h">
      <Filter>Header Files</Filter>
    </ClInclude>
    <ClInclude Include="..\..\..\sys\mcu\avr\ardo_supplemental_attiny817_dev.h">
      <Filter>Header Files</Filter>
    </ClInclude>
    <ClInclude Include="..\..\..\sys\mcu\avr\ardo_supplemental_attiny828.h">
      <Filter>Header Files</Filter>
    </ClInclude>
    <ClInclude Include="..\..\..\sys\mcu\avr\ardo_supplemental_attiny828_dev.h">
      <Filter>Header Files</Filter>
    </ClInclude>
    <ClInclude Include="..\..\..\sys\mcu\avr\ardo_supplemental_attiny841.h">
      <Filter>Header Files</Filter>
    </ClInclude>
    <ClInclude Include="..\..\..\sys\mcu\avr\ardo_supplemental_attiny841_dev.h">
      <Filter>Header Files</Filter>
    </ClInclude>
    <ClInclude Include="..\..\..\sys\mcu\avr\ardo_supplemental_attiny861.h">
      <Filter>Header Files</Filter>
    </ClInclude>
    <ClInclude Include="..\..\..\sys\mcu\avr\ardo_supplemental_attiny861_dev.h">
      <Filter>Header Files</Filter>
    </ClInclude>
    <ClInclude Include="..\..\..\sys\mcu\avr\ardo_supplemental_attiny861a.h">
      <Filter>Header Files</Filter>
    </ClInclude>
    <ClInclude Include="..\..\..\sys\mcu\avr\ardo_supplemental_attiny861a_dev.h">
      <Filter>Header Files</Filter>
    </ClInclude>
    <ClInclude Include="..\..\..\sys\mcu\avr\ardo_supplemental_attiny1604.h">
      <Filter>Header Files</Filter>
    </ClInclude>
    <ClInclude Include="..\..\..\sys\mcu\avr\ardo_supplemental_attiny1604_dev.h">
      <Filter>Header Files</Filter>
    </ClInclude>
    <ClInclude Include="..\..\..\sys\mcu\avr\ardo_supplemental_attiny1606.h">
      <Filter>Header Files</Filter>
    </ClInclude>
    <ClInclude Include="..\..\..\sys\mcu\avr\ardo_supplemental_attiny1606_dev.h">
      <Filter>Header Files</Filter>
    </ClInclude>
    <ClInclude Include="..\..\..\sys\mcu\avr\ardo_supplemental_attiny1607.h">
      <Filter>Header Files</Filter>
    </ClInclude>
    <ClInclude Include="..\..\..\sys\mcu\avr\ardo_supplemental_attiny1607_dev.h">
      <Filter>Header Files</Filter>
    </ClInclude>
    <ClInclude Include="..\..\..\sys\mcu\avr\ardo_supplemental_attiny1614.h">
      <Filter>Header Files</Filter>
    </ClInclude>
    <ClInclude Include="..\..\..\sys\mcu\avr\ardo_supplemental_attiny1614_dev.h">
      <Filter>Header Files</Filter>
    </ClInclude>
    <ClInclude Include="..\..\..\sys\mcu\avr\ardo_supplemental_attiny1616.h">
      <Filter>Header Files</Filter>
    </ClInclude>
    <ClInclude Include="..\..\..\sys\mcu\avr\ardo_supplemental_attiny1616_dev.h">
      <Filter>Header Files</Filter>
    </ClInclude>
    <ClInclude Include="..\..\..\sys\mcu\avr\ardo_supplemental_attiny1617.h">
      <Filter>Header Files</Filter>
    </ClInclude>
    <ClInclude Include="..\..\..\sys\mcu\avr\ardo_supplemental_attiny1617_dev.h">
      <Filter>Header Files</Filter>
    </ClInclude>
    <ClInclude Include="..\..\..\sys\mcu\avr\ardo_supplemental_attiny1624.h">
      <Filter>Header Files</Filter>
    </ClInclude>
    <ClInclude Include="..\..\..\sys\mcu\avr\ardo_supplemental_attiny1624_dev.h">
      <Filter>Header Files</Filter>
    </ClInclude>
    <ClInclude Include="..\..\..\sys\mcu\avr\ardo_supplemental_attiny1626.h">
      <Filter>Header Files</Filter>
    </ClInclude>
    <ClInclude Include="..\..\..\sys\mcu\avr\ardo_supplemental_attiny1626_dev.h">
      <Filter>Header Files</Filter>
    </ClInclude>
    <ClInclude Include="..\..\..\sys\mcu\avr\ardo_supplemental_attiny1627.h">
      <Filter>Header Files</Filter>
    </ClInclude>
    <ClInclude Include="..\..\..\sys\mcu\avr\ardo_supplemental_attiny1627_dev.h">
      <Filter>Header Files</Filter>
    </ClInclude>
    <ClInclude Include="..\..\..\sys\mcu\avr\ardo_supplemental_attiny1634.h">
      <Filter>Header Files</Filter>
    </ClInclude>
    <ClInclude Include="..\..\..\sys\mcu\avr\ardo_supplemental_attiny1634_dev.h">
      <Filter>Header Files</Filter>
    </ClInclude>
    <ClInclude Include="..\..\..\sys\mcu\avr\ardo_supplemental_attiny2313.h">
      <Filter>Header Files</Filter>
    </ClInclude>
    <ClInclude Include="..\..\..\sys\mcu\avr\ardo_supplemental_attiny2313_dev.h">
      <Filter>Header Files</Filter>
    </ClInclude>
    <ClInclude Include="..\..\..\sys\mcu\avr\ardo_supplemental_attiny2313a.h">
      <Filter>Header Files</Filter>
    </ClInclude>
    <ClInclude Include="..\..\..\sys\mcu\avr\ardo_supplemental_attiny2313a_dev.h">
      <Filter>Header Files</Filter>
    </ClInclude>
    <ClInclude Include="..\..\..\sys\mcu\avr\ardo_supplemental_attiny3214.h">
      <Filter>Header Files</Filter>
    </ClInclude>
    <ClInclude Include="..\..\..\sys\mcu\avr\ardo_supplemental_attiny3214_dev.h">
      <Filter>Header Files</Filter>
    </ClInclude>
    <ClInclude Include="..\..\..\sys\mcu\avr\ardo_supplemental_attiny3216.h">
      <Filter>Header Files</Filter>
    </ClInclude>
    <ClInclude Include="..\..\..\sys\mcu\avr\ardo_supplemental_attiny3216_dev.h">
      <Filter>Header Files</Filter>
    </ClInclude>
    <ClInclude Include="..\..\..\sys\mcu\avr\ardo_supplemental_attiny3217.h">
      <Filter>Header Files</Filter>
    </ClInclude>
    <ClInclude Include="..\..\..\sys\mcu\avr\ardo_supplemental_attiny3217_dev.h">
      <Filter>Header Files</Filter>
    </ClInclude>
    <ClInclude Include="..\..\..\sys\mcu\avr\ardo_supplemental_attiny4313.h">
      <Filter>Header Files</Filter>
    </ClInclude>
    <ClInclude Include="..\..\..\sys\mcu\avr\ardo_supplemental_attiny4313_dev.h">
      <Filter>Header Files</Filter>
    </ClInclude>
    <ClInclude Include="..\..\..\sys\mcu\avr\ardo_supplemental_atxmega8e5.h">
      <Filter>Header Files</Filter>
    </ClInclude>
    <ClInclude Include="..\..\..\sys\mcu\avr\ardo_supplemental_atxmega8e5_dev.h">
      <Filter>Header Files</Filter>
    </ClInclude>
    <ClInclude Include="..\..\..\sys\mcu\avr\ardo_supplemental_atxmega16a4.h">
      <Filter>Header Files</Filter>
    </ClInclude>
    <ClInclude Include="..\..\..\sys\mcu\avr\ardo_supplemental_atxmega16a4_dev.h">
      <Filter>Header Files</Filter>
    </ClInclude>
    <ClInclude Include="..\..\..\sys\mcu\avr\ardo_supplemental_atxmega16a4u.h">
      <Filter>Header Files</Filter>
    </ClInclude>
    <ClInclude Include="..\..\..\sys\mcu\avr\ardo_supplemental_atxmega16a4u_dev.h">
      <Filter>Header Files</Filter>
    </ClInclude>
    <ClInclude Include="..\..\..\sys\mcu\avr\ardo_supplemental_atxmega16c4.h">
      <Filter>Header Files</Filter>
    </ClInclude>
    <ClInclude Include="..\..\..\sys\mcu\avr\ardo_supplemental_atxmega16c4_dev.h">
      <Filter>Header Files</Filter>
    </ClInclude>
    <ClInclude Include="..\..\..\sys\mcu\avr\ardo_supplemental_atxmega16d4.h">
      <Filter>Header Files</Filter>
    </ClInclude>
    <ClInclude Include="..\..\..\sys\mcu\avr\ardo_supplemental_atxmega16d4_dev.h">
      <Filter>Header Files</Filter>
    </ClInclude>
    <ClInclude Include="..\..\..\sys\mcu\avr\ardo_supplemental_atxmega16e5.h">
      <Filter>Header Files</Filter>
    </ClInclude>
    <ClInclude Include="..\..\..\sys\mcu\avr\ardo_supplemental_atxmega16e5_dev.h">
      <Filter>Header Files</Filter>
    </ClInclude>
    <ClInclude Include="..\..\..\sys\mcu\avr\ardo_supplemental_atxmega32a4.h">
      <Filter>Header Files</Filter>
    </ClInclude>
    <ClInclude Include="..\..\..\sys\mcu\avr\ardo_supplemental_atxmega32a4_dev.h">
      <Filter>Header Files</Filter>
    </ClInclude>
    <ClInclude Include="..\..\..\sys\mcu\avr\ardo_supplemental_atxmega32a4u.h">
      <Filter>Header Files</Filter>
    </ClInclude>
    <ClInclude Include="..\..\..\sys\mcu\avr\ardo_supplemental_atxmega32a4u_dev.h">
      <Filter>Header Files</Filter>
    </ClInclude>
    <ClInclude Include="..\..\..\sys\mcu\avr\ardo_supplemental_atxmega32c3.h">
      <Filter>Header Files</Filter>
    </ClInclude>
    <ClInclude Include="..\..\..\sys\mcu\avr\ardo_supplemental_atxmega32c3_dev.h">
      <Filter>Header Files</Filter>
    </ClInclude>
    <ClInclude Include="..\..\..\sys\mcu\avr\ardo_supplemental_atxmega32c4.h">
      <Filter>Header Files</Filter>
    </ClInclude>
    <ClInclude Include="..\..\..\sys\mcu\avr\ardo_supplemental_atxmega32c4_dev.h">
      <Filter>Header Files</Filter>
    </ClInclude>
    <ClInclude Include="..\..\..\sys\mcu\avr\ardo_supplemental_atxmega32d3.h">
      <Filter>Header Files</Filter>
    </ClInclude>
    <ClInclude Include="..\..\..\sys\mcu\avr\ardo_supplemental_atxmega32d3_dev.h">
      <Filter>Header Files</Filter>
    </ClInclude>
    <ClInclude Include="..\..\..\sys\mcu\avr\ardo_supplemental_atxmega32d4.h">
      <Filter>Header Files</Filter>
    </ClInclude>
    <ClInclude Include="..\..\..\sys\mcu\avr\ardo_supplemental_atxmega32d4_dev.h">
      <Filter>Header Files</Filter>
    </ClInclude>
    <ClInclude Include="..\..\..\sys\mcu\avr\ardo_supplemental_atxmega32e5.h">
      <Filter>Header Files</Filter>
    </ClInclude>
    <ClInclude Include="..\..\..\sys\mcu\avr\ardo_supplemental_atxmega32e5_dev.h">
      <Filter>Header Files</Filter>
    </ClInclude>
    <ClInclude Include="..\..\..\sys\mcu\avr\ardo_supplemental_atxmega64a1.h">
      <Filter>Header Files</Filter>
    </ClInclude>
    <ClInclude Include="..\..\..\sys\mcu\avr\ardo_supplemental_atxmega64a1_dev.h">
      <Filter>Header Files</Filter>
    </ClInclude>
    <ClInclude Include="..\..\..\sys\mcu\avr\ardo_supplemental_atxmega64a1u.h">
      <Filter>Header Files</Filter>
    </ClInclude>
    <ClInclude Include="..\..\..\sys\mcu\avr\ardo_supplemental_atxmega64a1u_dev.h">
      <Filter>Header Files</Filter>
    </ClInclude>
    <ClInclude Include="..\..\..\sys\mcu\avr\ardo_supplemental_atxmega64a3.h">
      <Filter>Header Files</Filter>
    </ClInclude>
    <ClInclude Include="..\..\..\sys\mcu\avr\ardo_supplemental_atxmega64a3_dev.h">
      <Filter>Header Files</Filter>
    </ClInclude>
    <ClInclude Include="..\..\..\sys\mcu\avr\ardo_supplemental_atxmega64a3u.h">
      <Filter>Header Files</Filter>
    </ClInclude>
    <ClInclude Include="..\..\..\sys\mcu\avr\ardo_supplemental_atxmega64a3u_dev.h">
      <Filter>Header Files</Filter>
    </ClInclude>
    <ClInclude Include="..\..\..\sys\mcu\avr\ardo_supplemental_atxmega64a4u.h">
      <Filter>Header Files</Filter>
    </ClInclude>
    <ClInclude Include="..\..\..\sys\mcu\avr\ardo_supplemental_atxmega64a4u_dev.h">
      <Filter>Header Files</Filter>
    </ClInclude>
    <ClInclude Include="..\..\..\sys\mcu\avr\ardo_supplemental_atxmega64b1.h">
      <Filter>Header Files</Filter>
    </ClInclude>
    <ClInclude Include="..\..\..\sys\mcu\avr\ardo_supplemental_atxmega64b1_dev.h">
      <Filter>Header Files</Filter>
    </ClInclude>
    <ClInclude Include="..\..\..\sys\mcu\avr\ardo_supplemental_atxmega64b3.h">
      <Filter>Header Files</Filter>
    </ClInclude>
    <ClInclude Include="..\..\..\sys\mcu\avr\ardo_supplemental_atxmega64b3_dev.h">
      <Filter>Header Files</Filter>
    </ClInclude>
    <ClInclude Include="..\..\..\sys\mcu\avr\ardo_supplemental_atxmega64c3.h">
      <Filter>Header Files</Filter>
    </ClInclude>
    <ClInclude Include="..\..\..\sys\mcu\avr\ardo_supplemental_atxmega64c3_dev.h">
      <Filter>Header Files</Filter>
    </ClInclude>
    <ClInclude Include="..\..\..\sys\mcu\avr\ardo_supplemental_atxmega64d3.h">
      <Filter>Header Files</Filter>
    </ClInclude>
    <ClInclude Include="..\..\..\sys\mcu\avr\ardo_supplemental_atxmega64d3_dev.h">
      <Filter>Header Files</Filter>
    </ClInclude>
    <ClInclude Include="..\..\..\sys\mcu\avr\ardo_supplemental_atxmega64d4.h">
      <Filter>Header Files</Filter>
    </ClInclude>
    <ClInclude Include="..\..\..\sys\mcu\avr\ardo_supplemental_atxmega64d4_dev.h">
      <Filter>Header Files</Filter>
    </ClInclude>
    <ClInclude Include="..\..\..\sys\mcu\avr\ardo_supplemental_atxmega128a1.h">
      <Filter>Header Files</Filter>
    </ClInclude>
    <ClInclude Include="..\..\..\sys\mcu\avr\ardo_supplemental_atxmega128a1_dev.h">
      <Filter>Header Files</Filter>
    </ClInclude>
    <ClInclude Include="..\..\..\sys\mcu\avr\ardo_supplemental_atxmega128a1u.h">
      <Filter>Header Files</Filter>
    </ClInclude>
    <ClInclude Include="..\..\..\sys\mcu\avr\ardo_supplemental_atxmega128a1u_dev.h">
      <Filter>Header Files</Filter>
    </ClInclude>
    <ClInclude Include="..\..\..\sys\mcu\avr\ardo_supplemental_atxmega128a3.h">
      <Filter>Header Files</Filter>
    </ClInclude>
    <ClInclude Include="..\..\..\sys\mcu\avr\ardo_supplemental_atxmega128a3_dev.h">
      <Filter>Header Files</Filter>
    </ClInclude>
    <ClInclude Include="..\..\..\sys\mcu\avr\ardo_supplemental_atxmega128a3u.h">
      <Filter>Header Files</Filter>
    </ClInclude>
    <ClInclude Include="..\..\..\sys\mcu\avr\ardo_supplemental_atxmega128a3u_dev.h">
      <Filter>Header Files</Filter>
    </ClInclude>
    <ClInclude Include="..\..\..\sys\mcu\avr\ardo_supplemental_atxmega128a4u.h">
      <Filter>Header Files</Filter>
    </ClInclude>
    <ClInclude Include="..\..\..\sys\mcu\avr\ardo_supplemental_atxmega128a4u_dev.h">
      <Filter>Header Files</Filter>
    </ClInclude>
    <ClInclude Include="..\..\..\sys\mcu\avr\ardo_supplemental_atxmega128b1.h">
      <Filter>Header Files</Filter>
    </ClInclude>
    <ClInclude Include="..\..\..\sys\mcu\avr\ardo_supplemental_atxmega128b1_dev.h">
      <Filter>Header Files</Filter>
    </ClInclude>
    <ClInclude Include="..\..\..\sys\mcu\avr\ardo_supplemental_atxmega128b3.h">
      <Filter>Header Files</Filter>
    </ClInclude>
    <ClInclude Include="..\..\..\sys\mcu\avr\ardo_supplemental_atxmega128b3_dev.h">
      <Filter>Header Files</Filter>
    </ClInclude>
    <ClInclude Include="..\..\..\sys\mcu\avr\ardo_supplemental_atxmega128c3.h">
      <Filter>Header Files</Filter>
    </ClInclude>
    <ClInclude Include="..\..\..\sys\mcu\avr\ardo_supplemental_atxmega128c3_dev.h">
      <Filter>Header Files</Filter>
    </ClInclude>
    <ClInclude Include="..\..\..\sys\mcu\avr\ardo_supplemental_atxmega128d3.h">
      <Filter>Header Files</Filter>
    </ClInclude>
    <ClInclude Include="..\..\..\sys\mcu\avr\ardo_supplemental_atxmega128d3_dev.h">
      <Filter>Header Files</Filter>
    </ClInclude>
    <ClInclude Include="..\..\..\sys\mcu\avr\ardo_supplemental_atxmega128d4.h">
      <Filter>Header Files</Filter>
    </ClInclude>
    <ClInclude Include="..\..\..\sys\mcu\avr\ardo_supplemental_atxmega128d4_dev.h">
      <Filter>Header Files</Filter>
    </ClInclude>
    <ClInclude Include="..\..\..\sys\mcu\avr\ardo_supplemental_atxmega192a3.h">
      <Filter>Header Files</Filter>
    </ClInclude>
    <ClInclude Include="..\..\..\sys\mcu\avr\ardo_supplemental_atxmega192a3_dev.h">
      <Filter>Header Files</Filter>
    </ClInclude>
    <ClInclude Include="..\..\..\sys\mcu\avr\ardo_supplemental_atxmega192a3u.h">
      <Filter>Header Files</Filter>
    </ClInclude>
    <ClInclude Include="..\..\..\sys\mcu\avr\ardo_supplemental_atxmega192a3u_dev.h">
      <Filter>Header Files</Filter>
    </ClInclude>
    <ClInclude Include="..\..\..\sys\mcu\avr\ardo_supplemental_atxmega192c3.h">
      <Filter>Header Files</Filter>
    </ClInclude>
    <ClInclude Include="..\..\..\sys\mcu\avr\ardo_supplemental_atxmega192c3_dev.h">
      <Filter>Header Files</Filter>
    </ClInclude>
    <ClInclude Include="..\..\..\sys\mcu\avr\ardo_supplemental_atxmega192d3.h">
      <Filter>Header Files</Filter>
    </ClInclude>
    <ClInclude Include="..\..\..\sys\mcu\avr\ardo_supplemental_atxmega192d3_dev.h">
      <Filter>Header Files</Filter>
    </ClInclude>
    <ClInclude Include="..\..\..\sys\mcu\avr\ardo_supplemental_atxmega256a3.h">
      <Filter>Header Files</Filter>
    </ClInclude>
    <ClInclude Include="..\..\..\sys\mcu\avr\ardo_supplemental_atxmega256a3_dev.h">
      <Filter>Header Files</Filter>
    </ClInclude>
    <ClInclude Include="..\..\..\sys\mcu\avr\ardo_supplemental_atxmega256a3b.h">
      <Filter>Header Files</Filter>
    </ClInclude>
    <ClInclude Include="..\..\..\sys\mcu\avr\ardo_supplemental_atxmega256a3b_dev.h">
      <Filter>Header Files</Filter>
    </ClInclude>
    <ClInclude Include="..\..\..\sys\mcu\avr\ardo_supplemental_atxmega256a3bu.h">
      <Filter>Header Files</Filter>
    </ClInclude>
    <ClInclude Include="..\..\..\sys\mcu\avr\ardo_supplemental_atxmega256a3bu_dev.h">
      <Filter>Header Files</Filter>
    </ClInclude>
    <ClInclude Include="..\..\..\sys\mcu\avr\ardo_supplemental_atxmega256a3u.h">
      <Filter>Header Files</Filter>
    </ClInclude>
    <ClInclude Include="..\..\..\sys\mcu\avr\ardo_supplemental_atxmega256a3u_dev.h">
      <Filter>Header Files</Filter>
    </ClInclude>
    <ClInclude Include="..\..\..\sys\mcu\avr\ardo_supplemental_atxmega256c3.h">
      <Filter>Header Files</Filter>
    </ClInclude>
    <ClInclude Include="..\..\..\sys\mcu\avr\ardo_supplemental_atxmega256c3_dev.h">
      <Filter>Header Files</Filter>
    </ClInclude>
    <ClInclude Include="..\..\..\sys\mcu\avr\ardo_supplemental_atxmega256d3.h">
      <Filter>Header Files</Filter>
    </ClInclude>
    <ClInclude Include="..\..\..\sys\mcu\avr\ardo_supplemental_atxmega256d3_dev.h">
      <Filter>Header Files</Filter>
    </ClInclude>
    <ClInclude Include="..\..\..\sys\mcu\avr\ardo_supplemental_atxmega384c3.h">
      <Filter>Header Files</Filter>
    </ClInclude>
    <ClInclude Include="..\..\..\sys\mcu\avr\ardo_supplemental_atxmega384c3_dev.h">
      <Filter>Header Files</Filter>
    </ClInclude>
    <ClInclude Include="..\..\..\sys\mcu\avr\ardo_supplemental_atxmega384d3.h">
      <Filter>Header Files</Filter>
    </ClInclude>
    <ClInclude Include="..\..\..\sys\mcu\avr\ardo_supplemental_atxmega384d3_dev.h">
      <Filter>Header Files</Filter>
    </ClInclude>
    <ClInclude Include="..\..\..\sys\mcu\avr\ardo_supplemental_avr128da28.h">
      <Filter>Header Files</Filter>
    </ClInclude>
    <ClInclude Include="..\..\..\sys\mcu\avr\ardo_supplemental_avr128da28_dev.h">
      <Filter>Header Files</Filter>
    </ClInclude>
    <ClInclude Include="..\..\..\sys\mcu\avr\ardo_supplemental_avr128da32.h">
      <Filter>Header Files</Filter>
    </ClInclude>
    <ClInclude Include="..\..\..\sys\mcu\avr\ardo_supplemental_avr128da32_dev.h">
      <Filter>Header Files</Filter>
    </ClInclude>
    <ClInclude Include="..\..\..\sys\mcu\avr\ardo_supplemental_avr128da48.h">
      <Filter>Header Files</Filter>
    </ClInclude>
    <ClInclude Include="..\..\..\sys\mcu\avr\ardo_supplemental_avr128da48_dev.h">
      <Filter>Header Files</Filter>
    </ClInclude>
    <ClInclude Include="..\..\..\sys\mcu\avr\ardo_supplemental_avr128da64.h">
      <Filter>Header Files</Filter>
    </ClInclude>
    <ClInclude Include="..\..\..\sys\mcu\avr\ardo_supplemental_avr128da64_dev.h">
      <Filter>Header Files</Filter>
    </ClInclude>
    <ClInclude Include="..\..\..\sys\mcu\avr\ardo_supplemental_m3000.h">
      <Filter>Header Files</Filter>
    </ClInclude>
    <ClInclude Include="..\..\..\sys\mcu\avr\ardo_supplemental_m3000_dev.h">
      <Filter>Header Files</Filter>
    </ClInclude>
    <ClInclude Include="..\..\..\sys\mcu\avr\ardo_sys_avr_mcu_defs.h">
      <Filter>Header Files</Filter>
    </ClInclude>
    <ClInclude Include="..\..\..\ardo_sys_defs.h">
      <Filter>Header Files</Filter>
    </ClInclude>
    <ClInclude Include="..\..\..\setl_tuple_helpers.h">
      <Filter>Header Files</Filter>
    </ClInclude>
    <ClInclude Include="..\..\..\ardo_timers.h">
      <Filter>Header Files</Filter>
    </ClInclude>
    <ClInclude Include="..\..\..\tests\ardo_avr_timers_test.h">
      <Filter>Header Files</Filter>
    </ClInclude>
    <ClInclude Include="..\..\..\setlx_tuple.h">
      <Filter>Header Files</Filter>
    </ClInclude>
    <ClInclude Include="..\..\..\sys\ardo_sys_mock.h">
      <Filter>Header Files</Filter>
    </ClInclude>
    <ClInclude Include="..\..\..\sys\boards\arduino\arduino_boards.h">
      <Filter>Header Files</Filter>
    </ClInclude>
    <ClInclude Include="..\..\..\..\examples\ParkLightsV2\parklights.h">
      <Filter>Header Files</Filter>
    </ClInclude>
    <ClInclude Include="..\..\..\..\tests\modules_test.h">
      <Filter>Source Files</Filter>
    </ClInclude>
  </ItemGroup>
  <ItemGroup>
    <ClCompile Include="..\..\..\setl_system.cpp">
      <Filter>Header Files</Filter>
    </ClCompile>
    <ClCompile Include="..\..\..\..\devel\code\ardOinus_test.cxx">
      <Filter>Source Files</Filter>
    </ClCompile>
    <ClCompile Include="..\..\..\..\devel\code\blink_test.cxx">
      <Filter>Source Files</Filter>
    </ClCompile>
    <ClCompile Include="..\..\..\..\devel\code\emulate_arduino.cxx">
      <Filter>Source Files</Filter>
    </ClCompile>
    <ClCompile Include="..\..\..\..\devel\code\pwe_test_module.cxx">
      <Filter>Source Files</Filter>
    </ClCompile>
    <ClCompile Include="..\..\..\..\devel\code\servo_test.cxx">
      <Filter>Source Files</Filter>
    </ClCompile>
    <ClCompile Include="..\..\..\..\tests\adro_avr_mock_registers.cxx">
      <Filter>Source Files</Filter>
    </ClCompile>
  </ItemGroup>
</Project>